// !$*UTF8*$!
{
	archiveVersion = 1;
	classes = {
	};
	objectVersion = 46;
	objects = {

/* Begin PBXBuildFile section */
		3818EE4C1B13D14F00DF2F97 /* PauseButton@2x.png in Resources */ = {isa = PBXBuildFile; fileRef = 3818EE4B1B13D14F00DF2F97 /* PauseButton@2x.png */; };
		3818EE501B13D20500DF2F97 /* PlayButton@2x.png in Resources */ = {isa = PBXBuildFile; fileRef = 3818EE4F1B13D20500DF2F97 /* PlayButton@2x.png */; };
		381DDFE919C7AE1F0055DB4E /* InAppDemoViewController.m in Sources */ = {isa = PBXBuildFile; fileRef = 381DDFE819C7AE1F0055DB4E /* InAppDemoViewController.m */; };
		381DDFF019C7AF460055DB4E /* PurchaseViewController.m in Sources */ = {isa = PBXBuildFile; fileRef = 381DDFEE19C7AF460055DB4E /* PurchaseViewController.m */; };
		381DDFF119C7AF460055DB4E /* PurchaseViewController.xib in Resources */ = {isa = PBXBuildFile; fileRef = 381DDFEF19C7AF460055DB4E /* PurchaseViewController.xib */; };
		382B4ABC19BE82CB00DD268D /* SearchModelController.m in Sources */ = {isa = PBXBuildFile; fileRef = 382B4ABB19BE82CB00DD268D /* SearchModelController.m */; };
		383F2F021983618C001A9E92 /* DetailViewController2.m in Sources */ = {isa = PBXBuildFile; fileRef = 383F2F011983618C001A9E92 /* DetailViewController2.m */; };
		383F2F0519836923001A9E92 /* CompareViewController2.m in Sources */ = {isa = PBXBuildFile; fileRef = 383F2F0419836923001A9E92 /* CompareViewController2.m */; };
		384AFA7B1ACCD41800B88269 /* Tab bar favorites icon@2x (2).png in Resources */ = {isa = PBXBuildFile; fileRef = 384AFA7A1ACCD41800B88269 /* Tab bar favorites icon@2x (2).png */; };
		3852E3381ACCB94B00A028C5 /* Star Outline@2x.png in Resources */ = {isa = PBXBuildFile; fileRef = 3852E3371ACCB94B00A028C5 /* Star Outline@2x.png */; };
		3852E33A1ACCBCE600A028C5 /* Solid Star@2x.png in Resources */ = {isa = PBXBuildFile; fileRef = 3852E3391ACCBCE600A028C5 /* Solid Star@2x.png */; };
		38595D9D197C4D4200AA0BF9 /* CarViewCell.m in Sources */ = {isa = PBXBuildFile; fileRef = 38595D9C197C4D4200AA0BF9 /* CarViewCell.m */; };
		385C1403197B3F76003BBB09 /* Make.m in Sources */ = {isa = PBXBuildFile; fileRef = 385C1402197B3F76003BBB09 /* Make.m */; };
		385C1405197B3FDA003BBB09 /* MainStoryboard.storyboard in Resources */ = {isa = PBXBuildFile; fileRef = 385C1404197B3FDA003BBB09 /* MainStoryboard.storyboard */; };
		385C141D197BBC32003BBB09 /* DetailViewController.m in Sources */ = {isa = PBXBuildFile; fileRef = 385C141C197BBC32003BBB09 /* DetailViewController.m */; };
		38774D3319C5E5F300C22A70 /* NewsLabel.m in Sources */ = {isa = PBXBuildFile; fileRef = 38774D3219C5E5F300C22A70 /* NewsLabel.m */; };
		388886801AA17C2D00ECCEE1 /* SearchTabViewController.m in Sources */ = {isa = PBXBuildFile; fileRef = 3888867F1AA17C2D00ECCEE1 /* SearchTabViewController.m */; };
		388DDA991AC776470062C16E /* SpecsDisputePageNew@2x.jpg in Resources */ = {isa = PBXBuildFile; fileRef = 388DDA981AC776470062C16E /* SpecsDisputePageNew@2x.jpg */; };
		388DDA9B1AC776650062C16E /* AdfreePage@2x.jpg in Resources */ = {isa = PBXBuildFile; fileRef = 388DDA9A1AC776650062C16E /* AdfreePage@2x.jpg */; };
		388DDA9F1AC776890062C16E /* Ariel Logo@2x.png in Resources */ = {isa = PBXBuildFile; fileRef = 388DDA9E1AC776890062C16E /* Ariel Logo@2x.png */; };
		388DDAA31AC776A30062C16E /* box-outgoing-7@2x.png in Resources */ = {isa = PBXBuildFile; fileRef = 388DDAA21AC776A30062C16E /* box-outgoing-7@2x.png */; };
		388DDAA51AC776AF0062C16E /* dark blue button@2x.png in Resources */ = {isa = PBXBuildFile; fileRef = 388DDAA41AC776AF0062C16E /* dark blue button@2x.png */; };
		388DDAA91AC776D00062C16E /* dollarsign@2x.png in Resources */ = {isa = PBXBuildFile; fileRef = 388DDAA81AC776D00062C16E /* dollarsign@2x.png */; };
		388DDAAB1AC776E20062C16E /* Drive Type Icon@2x.png in Resources */ = {isa = PBXBuildFile; fileRef = 388DDAAA1AC776E20062C16E /* Drive Type Icon@2x.png */; };
		388DDAAD1AC776EB0062C16E /* Engine Icon@2x.png in Resources */ = {isa = PBXBuildFile; fileRef = 388DDAAC1AC776EB0062C16E /* Engine Icon@2x.png */; };
		388DDAB11AC777090062C16E /* fuel pump icon@2x.png in Resources */ = {isa = PBXBuildFile; fileRef = 388DDAB01AC777090062C16E /* fuel pump icon@2x.png */; };
		388DDAB71AC7772D0062C16E /* Green Buy Button@2x.png in Resources */ = {isa = PBXBuildFile; fileRef = 388DDAB61AC7772D0062C16E /* Green Buy Button@2x.png */; };
		388DDABD1AC777620062C16E /* iTunesArtwork.png in Resources */ = {isa = PBXBuildFile; fileRef = 388DDABC1AC777620062C16E /* iTunesArtwork.png */; };
		388DDABF1AC777740062C16E /* Koenigsegg logo@2x.png in Resources */ = {isa = PBXBuildFile; fileRef = 388DDABE1AC777740062C16E /* Koenigsegg logo@2x.png */; };
		388DDAC31AC7778E0062C16E /* Metal Background.jpg in Resources */ = {isa = PBXBuildFile; fileRef = 388DDAC21AC7778E0062C16E /* Metal Background.jpg */; };
		388DDAC91AC777F20062C16E /* NewSpecsDisputePage4@2x.jpg in Resources */ = {isa = PBXBuildFile; fileRef = 388DDAC81AC777F20062C16E /* NewSpecsDisputePage4@2x.jpg */; };
		388DDACF1AC778250062C16E /* Podium@2x.png in Resources */ = {isa = PBXBuildFile; fileRef = 388DDACE1AC778250062C16E /* Podium@2x.png */; };
		388DDAD11AC778320062C16E /* Radical Logo@2x.png in Resources */ = {isa = PBXBuildFile; fileRef = 388DDAD01AC778320062C16E /* Radical Logo@2x.png */; };
		388DDAD31AC7783D0062C16E /* RcA6RKnAi@2x.png in Resources */ = {isa = PBXBuildFile; fileRef = 388DDAD21AC7783D0062C16E /* RcA6RKnAi@2x.png */; };
		388DDAD51AC7785B0062C16E /* speedometer 2@2x.png in Resources */ = {isa = PBXBuildFile; fileRef = 388DDAD41AC7785B0062C16E /* speedometer 2@2x.png */; };
		388DDAD71AC778660062C16E /* Sport-Activities-Stopwatch-icon@2x.png in Resources */ = {isa = PBXBuildFile; fileRef = 388DDAD61AC778660062C16E /* Sport-Activities-Stopwatch-icon@2x.png */; };
		388DDAD91AC778710062C16E /* SSC Logo@2x.png in Resources */ = {isa = PBXBuildFile; fileRef = 388DDAD81AC778710062C16E /* SSC Logo@2x.png */; };
		388DDADB1AC7787B0062C16E /* stopwatch icon@2x.png in Resources */ = {isa = PBXBuildFile; fileRef = 388DDADA1AC7787B0062C16E /* stopwatch icon@2x.png */; };
		388DDAE11AC778A00062C16E /* Top tens tab bar icon@2x.png in Resources */ = {isa = PBXBuildFile; fileRef = 388DDAE01AC778A00062C16E /* Top tens tab bar icon@2x.png */; };
		388DDAE51AC778B60062C16E /* whiteback.jpg in Resources */ = {isa = PBXBuildFile; fileRef = 388DDAE41AC778B60062C16E /* whiteback.jpg */; };
		388DDAE71AC778BB0062C16E /* weight Icon@2x.png in Resources */ = {isa = PBXBuildFile; fileRef = 388DDAE61AC778BB0062C16E /* weight Icon@2x.png */; };
		38A09C20197F62C700254457 /* CompareViewController.m in Sources */ = {isa = PBXBuildFile; fileRef = 38A09C1F197F62C700254457 /* CompareViewController.m */; };
		38A667D919858E69008B2A69 /* ImageViewController.m in Sources */ = {isa = PBXBuildFile; fileRef = 38A667D819858E69008B2A69 /* ImageViewController.m */; };
		38AEE96019A81C1D00792503 /* SearchViewController.m in Sources */ = {isa = PBXBuildFile; fileRef = 38AEE95F19A81C1D00792503 /* SearchViewController.m */; };
		38AEE96319A8284200792503 /* NewsViewController.m in Sources */ = {isa = PBXBuildFile; fileRef = 38AEE96219A8284200792503 /* NewsViewController.m */; };
		38AEE96619A82B4B00792503 /* News.m in Sources */ = {isa = PBXBuildFile; fileRef = 38AEE96519A82B4B00792503 /* News.m */; };
		38AEE96919A84F0500792503 /* NewsDetailViewController.m in Sources */ = {isa = PBXBuildFile; fileRef = 38AEE96819A84F0500792503 /* NewsDetailViewController.m */; };
		38BABF5F19A96B210054B1EC /* FavoritesViewController.m in Sources */ = {isa = PBXBuildFile; fileRef = 38BABF5E19A96B210054B1EC /* FavoritesViewController.m */; };
		38BCC1DE1A79DFF5002E4059 /* MakeViewControllerwAds.m in Sources */ = {isa = PBXBuildFile; fileRef = 38BCC1DD1A79DFF5002E4059 /* MakeViewControllerwAds.m */; };
		38C0784819B4291C00DEC284 /* Model.m in Sources */ = {isa = PBXBuildFile; fileRef = 38C0784719B4291C00DEC284 /* Model.m */; };
		38CB1F6A1B1267D300919D15 /* GoogleMobileAds.framework in Frameworks */ = {isa = PBXBuildFile; fileRef = 38CB1F681B1267D300919D15 /* GoogleMobileAds.framework */; };
		38CB1F6B1B1267D300919D15 /* README.txt in Resources */ = {isa = PBXBuildFile; fileRef = 38CB1F691B1267D300919D15 /* README.txt */; };
		38CCEA851984356600A157EA /* DisputeInfoViewController.m in Sources */ = {isa = PBXBuildFile; fileRef = 38CCEA841984356600A157EA /* DisputeInfoViewController.m */; };
		38CCEA8819843FF000A157EA /* TopTensViewController2.m in Sources */ = {isa = PBXBuildFile; fileRef = 38CCEA8719843FF000A157EA /* TopTensViewController2.m */; };
		38CCEA8D19844AB900A157EA /* DisputeInfoViewController2.m in Sources */ = {isa = PBXBuildFile; fileRef = 38CCEA8C19844AB900A157EA /* DisputeInfoViewController2.m */; };
		38D2B8CA19A58EBA004D0687 /* MakeViewController.m in Sources */ = {isa = PBXBuildFile; fileRef = 38D2B8C919A58EBA004D0687 /* MakeViewController.m */; };
		38D2B8CD19A58F56004D0687 /* MakeCell.m in Sources */ = {isa = PBXBuildFile; fileRef = 38D2B8CC19A58F56004D0687 /* MakeCell.m */; };
		38D2B8D319A58FB5004D0687 /* ModelViewController.m in Sources */ = {isa = PBXBuildFile; fileRef = 38D2B8D219A58FB5004D0687 /* ModelViewController.m */; };
		38D519681A8FF9AE001140EF /* NSMutableArray+STKAudioPlayer.m in Sources */ = {isa = PBXBuildFile; fileRef = 38D519561A8FF9AE001140EF /* NSMutableArray+STKAudioPlayer.m */; };
		38D519691A8FF9AE001140EF /* STKAudioPlayer.m in Sources */ = {isa = PBXBuildFile; fileRef = 38D519581A8FF9AE001140EF /* STKAudioPlayer.m */; };
		38D5196A1A8FF9AE001140EF /* STKAutoRecoveringHTTPDataSource.m in Sources */ = {isa = PBXBuildFile; fileRef = 38D5195A1A8FF9AE001140EF /* STKAutoRecoveringHTTPDataSource.m */; };
		38D5196B1A8FF9AE001140EF /* STKCoreFoundationDataSource.m in Sources */ = {isa = PBXBuildFile; fileRef = 38D5195C1A8FF9AE001140EF /* STKCoreFoundationDataSource.m */; };
		38D5196C1A8FF9AE001140EF /* STKDataSource.m in Sources */ = {isa = PBXBuildFile; fileRef = 38D5195E1A8FF9AE001140EF /* STKDataSource.m */; };
		38D5196D1A8FF9AE001140EF /* STKDataSourceWrapper.m in Sources */ = {isa = PBXBuildFile; fileRef = 38D519601A8FF9AE001140EF /* STKDataSourceWrapper.m */; };
		38D5196E1A8FF9AE001140EF /* STKHTTPDataSource.m in Sources */ = {isa = PBXBuildFile; fileRef = 38D519621A8FF9AE001140EF /* STKHTTPDataSource.m */; };
		38D5196F1A8FF9AE001140EF /* STKLocalFileDataSource.m in Sources */ = {isa = PBXBuildFile; fileRef = 38D519641A8FF9AE001140EF /* STKLocalFileDataSource.m */; };
		38D519701A8FF9AE001140EF /* STKQueueEntry.m in Sources */ = {isa = PBXBuildFile; fileRef = 38D519661A8FF9AE001140EF /* STKQueueEntry.m */; };
		38D7BD4D1A7754CA00E22B40 /* adfreepageiphone4.jpg in Resources */ = {isa = PBXBuildFile; fileRef = 38D7BD4C1A7754CA00E22B40 /* adfreepageiphone4.jpg */; };
		38E169211B1BBD1E00240372 /* searchbar2@2x.png in Resources */ = {isa = PBXBuildFile; fileRef = 38E169201B1BBD1E00240372 /* searchbar2@2x.png */; };
		38E41D071A9123E700EA6135 /* TopTens.m in Sources */ = {isa = PBXBuildFile; fileRef = 38E41D061A9123E700EA6135 /* TopTens.m */; };
		38E522AC1A9134EC003F1099 /* NewTopTensViewController.m in Sources */ = {isa = PBXBuildFile; fileRef = 38E522AB1A9134EC003F1099 /* NewTopTensViewController.m */; };
		38E522AF1A913803003F1099 /* TopTensCell.m in Sources */ = {isa = PBXBuildFile; fileRef = 38E522AE1A913803003F1099 /* TopTensCell.m */; };
		38F2EC081ACE11B60028D55F /* settingsbutton1@2x.png in Resources */ = {isa = PBXBuildFile; fileRef = 38F2EC071ACE11B60028D55F /* settingsbutton1@2x.png */; };
		AA3E760619F0A32A00C1F870 /* AdSupport.framework in Frameworks */ = {isa = PBXBuildFile; fileRef = AA3E760519F0A32A00C1F870 /* AdSupport.framework */; };
		AA3E760819F0A33000C1F870 /* AudioToolbox.framework in Frameworks */ = {isa = PBXBuildFile; fileRef = AA3E760719F0A33000C1F870 /* AudioToolbox.framework */; };
		AA3E760A19F0A33900C1F870 /* AVFoundation.framework in Frameworks */ = {isa = PBXBuildFile; fileRef = AA3E760919F0A33900C1F870 /* AVFoundation.framework */; };
		AA3E760C19F0A34000C1F870 /* CoreGraphics.framework in Frameworks */ = {isa = PBXBuildFile; fileRef = AA3E760B19F0A34000C1F870 /* CoreGraphics.framework */; };
		AA3E760E19F0A34700C1F870 /* CoreTelephony.framework in Frameworks */ = {isa = PBXBuildFile; fileRef = AA3E760D19F0A34700C1F870 /* CoreTelephony.framework */; };
		AA3E761119F0A34F00C1F870 /* EventKit.framework in Frameworks */ = {isa = PBXBuildFile; fileRef = AA3E760F19F0A34F00C1F870 /* EventKit.framework */; };
		AA3E761219F0A34F00C1F870 /* EventKitUI.framework in Frameworks */ = {isa = PBXBuildFile; fileRef = AA3E761019F0A34F00C1F870 /* EventKitUI.framework */; };
		AA3E761419F0A35600C1F870 /* MessageUI.framework in Frameworks */ = {isa = PBXBuildFile; fileRef = AA3E761319F0A35600C1F870 /* MessageUI.framework */; };
		AA3E761619F0A36900C1F870 /* StoreKit.framework in Frameworks */ = {isa = PBXBuildFile; fileRef = AA3E761519F0A36900C1F870 /* StoreKit.framework */; };
		AA3E761819F0A37100C1F870 /* SystemConfiguration.framework in Frameworks */ = {isa = PBXBuildFile; fileRef = AA3E761719F0A37100C1F870 /* SystemConfiguration.framework */; };
		AA5546951979F2CE00E7CF12 /* InfoPlist.strings in Resources */ = {isa = PBXBuildFile; fileRef = AA5546931979F2CE00E7CF12 /* InfoPlist.strings */; };
		AA5546971979F2CE00E7CF12 /* main.m in Sources */ = {isa = PBXBuildFile; fileRef = AA5546961979F2CE00E7CF12 /* main.m */; };
		AA55469B1979F2CE00E7CF12 /* AppDelegate.m in Sources */ = {isa = PBXBuildFile; fileRef = AA55469A1979F2CE00E7CF12 /* AppDelegate.m */; };
		AA5546A31979F2CE00E7CF12 /* Images.xcassets in Resources */ = {isa = PBXBuildFile; fileRef = AA5546A21979F2CE00E7CF12 /* Images.xcassets */; };
		AA5546B41979F2CE00E7CF12 /* InfoPlist.strings in Resources */ = {isa = PBXBuildFile; fileRef = AA5546B21979F2CE00E7CF12 /* InfoPlist.strings */; };
		AA5546B61979F2CE00E7CF12 /* CarhubTests.m in Sources */ = {isa = PBXBuildFile; fileRef = AA5546B51979F2CE00E7CF12 /* CarhubTests.m */; };
		AA6299F81A5741D1009ACD4F /* eurostile.TTF in Resources */ = {isa = PBXBuildFile; fileRef = AA6299F71A5741D1009ACD4F /* eurostile.TTF */; };
		AA6299F91A5741D1009ACD4F /* eurostile.TTF in Resources */ = {isa = PBXBuildFile; fileRef = AA6299F71A5741D1009ACD4F /* eurostile.TTF */; };
		AA629A0A1A57504D009ACD4F /* NewSpecsDisputePage4.png in Resources */ = {isa = PBXBuildFile; fileRef = AA629A091A57504D009ACD4F /* NewSpecsDisputePage4.png */; };
		AA629A0B1A57504D009ACD4F /* NewSpecsDisputePage4.png in Resources */ = {isa = PBXBuildFile; fileRef = AA629A091A57504D009ACD4F /* NewSpecsDisputePage4.png */; };
		AA88E5C11A56507E005B1E43 /* darkishgrey.jpg in Resources */ = {isa = PBXBuildFile; fileRef = AA88E5C01A56507E005B1E43 /* darkishgrey.jpg */; };
		AA88E5C31A56508A005B1E43 /* Tabbarcolor.png in Resources */ = {isa = PBXBuildFile; fileRef = AA88E5C21A56508A005B1E43 /* Tabbarcolor.png */; };
		AA8D9E5C1980B3AE00AAB3E2 /* TopTensViewController.m in Sources */ = {isa = PBXBuildFile; fileRef = AA8D9E5B1980B3AE00AAB3E2 /* TopTensViewController.m */; };
		AAB744D61983167800A8545A /* MainStoryboard.storyboard in Resources */ = {isa = PBXBuildFile; fileRef = 385C1404197B3FDA003BBB09 /* MainStoryboard.storyboard */; };
		AAB744E2198318BF00A8545A /* MainStoryboard4.storyboard in Resources */ = {isa = PBXBuildFile; fileRef = AAB744E1198318BF00A8545A /* MainStoryboard4.storyboard */; };
		AAB744E3198318BF00A8545A /* MainStoryboard4.storyboard in Resources */ = {isa = PBXBuildFile; fileRef = AAB744E1198318BF00A8545A /* MainStoryboard4.storyboard */; };
		AAED753E19EF6EA900FCE06F /* iRate.m in Sources */ = {isa = PBXBuildFile; fileRef = AAED753D19EF6EA900FCE06F /* iRate.m */; };
		AAED754719EF6ED500FCE06F /* horse_PNG2553@2x.png in Resources */ = {isa = PBXBuildFile; fileRef = AAED754119EF6ED500FCE06F /* horse_PNG2553@2x.png */; };
		AAED754819EF6ED500FCE06F /* moneystack@2x.png in Resources */ = {isa = PBXBuildFile; fileRef = AAED754219EF6ED500FCE06F /* moneystack@2x.png */; };
		AAED754919EF6ED500FCE06F /* Nurburgring@2x.png in Resources */ = {isa = PBXBuildFile; fileRef = AAED754319EF6ED500FCE06F /* Nurburgring@2x.png */; };
		AAED755519EF6EE400FCE06F /* garage-32@2x.png in Resources */ = {isa = PBXBuildFile; fileRef = AAED754E19EF6EE400FCE06F /* garage-32@2x.png */; };
		AAED755619EF6EE400FCE06F /* garage-50@2x.png in Resources */ = {isa = PBXBuildFile; fileRef = AAED754F19EF6EE400FCE06F /* garage-50@2x.png */; };
		AAED755719EF6EE400FCE06F /* magnifier_64@2x.png in Resources */ = {isa = PBXBuildFile; fileRef = AAED755019EF6EE400FCE06F /* magnifier_64@2x.png */; };
		AAED755819EF6EE400FCE06F /* News icon@2x.png in Resources */ = {isa = PBXBuildFile; fileRef = AAED755119EF6EE400FCE06F /* News icon@2x.png */; };
		AAED755919EF6EE400FCE06F /* Tab bar favorites icon@2x.png in Resources */ = {isa = PBXBuildFile; fileRef = AAED755219EF6EE400FCE06F /* Tab bar favorites icon@2x.png */; };
		AAED756F19EF6EED00FCE06F /* ferrari logo@2x.png in Resources */ = {isa = PBXBuildFile; fileRef = AAED755F19EF6EED00FCE06F /* ferrari logo@2x.png */; };
		AAED757119EF6EED00FCE06F /* Horsepower Icon@2x.png in Resources */ = {isa = PBXBuildFile; fileRef = AAED756119EF6EED00FCE06F /* Horsepower Icon@2x.png */; };
		AAED757319EF6EED00FCE06F /* peugeot logo@2x.png in Resources */ = {isa = PBXBuildFile; fileRef = AAED756319EF6EED00FCE06F /* peugeot logo@2x.png */; };
		AAED757819EF6EED00FCE06F /* Transmission Icon@2x.png in Resources */ = {isa = PBXBuildFile; fileRef = AAED756819EF6EED00FCE06F /* Transmission Icon@2x.png */; };
		AAED757A19EF6EED00FCE06F /* Years Made Icon@2x.png in Resources */ = {isa = PBXBuildFile; fileRef = AAED756A19EF6EED00FCE06F /* Years Made Icon@2x.png */; };
		AAED758219EF6F0100FCE06F /* blue button 2@2x.png in Resources */ = {isa = PBXBuildFile; fileRef = AAED757B19EF6F0100FCE06F /* blue button 2@2x.png */; };
/* End PBXBuildFile section */

/* Begin PBXContainerItemProxy section */
		AA5546AD1979F2CE00E7CF12 /* PBXContainerItemProxy */ = {
			isa = PBXContainerItemProxy;
			containerPortal = AA55467F1979F2CD00E7CF12 /* Project object */;
			proxyType = 1;
			remoteGlobalIDString = AA5546861979F2CD00E7CF12;
			remoteInfo = Carhub;
		};
/* End PBXContainerItemProxy section */

/* Begin PBXFileReference section */
		3818EE4B1B13D14F00DF2F97 /* PauseButton@2x.png */ = {isa = PBXFileReference; lastKnownFileType = image.png; path = "PauseButton@2x.png"; sourceTree = "<group>"; };
		3818EE4F1B13D20500DF2F97 /* PlayButton@2x.png */ = {isa = PBXFileReference; lastKnownFileType = image.png; path = "PlayButton@2x.png"; sourceTree = "<group>"; };
		381DDFE719C7AE1F0055DB4E /* InAppDemoViewController.h */ = {isa = PBXFileReference; fileEncoding = 4; lastKnownFileType = sourcecode.c.h; path = InAppDemoViewController.h; sourceTree = "<group>"; };
		381DDFE819C7AE1F0055DB4E /* InAppDemoViewController.m */ = {isa = PBXFileReference; fileEncoding = 4; lastKnownFileType = sourcecode.c.objc; path = InAppDemoViewController.m; sourceTree = "<group>"; };
		381DDFED19C7AF460055DB4E /* PurchaseViewController.h */ = {isa = PBXFileReference; fileEncoding = 4; lastKnownFileType = sourcecode.c.h; path = PurchaseViewController.h; sourceTree = "<group>"; };
		381DDFEE19C7AF460055DB4E /* PurchaseViewController.m */ = {isa = PBXFileReference; fileEncoding = 4; lastKnownFileType = sourcecode.c.objc; path = PurchaseViewController.m; sourceTree = "<group>"; };
		381DDFEF19C7AF460055DB4E /* PurchaseViewController.xib */ = {isa = PBXFileReference; fileEncoding = 4; lastKnownFileType = file.xib; path = PurchaseViewController.xib; sourceTree = "<group>"; };
		382B4ABA19BE82CB00DD268D /* SearchModelController.h */ = {isa = PBXFileReference; fileEncoding = 4; lastKnownFileType = sourcecode.c.h; path = SearchModelController.h; sourceTree = "<group>"; };
		382B4ABB19BE82CB00DD268D /* SearchModelController.m */ = {isa = PBXFileReference; fileEncoding = 4; lastKnownFileType = sourcecode.c.objc; path = SearchModelController.m; sourceTree = "<group>"; };
		383F2F001983618C001A9E92 /* DetailViewController2.h */ = {isa = PBXFileReference; fileEncoding = 4; lastKnownFileType = sourcecode.c.h; path = DetailViewController2.h; sourceTree = "<group>"; };
		383F2F011983618C001A9E92 /* DetailViewController2.m */ = {isa = PBXFileReference; fileEncoding = 4; lastKnownFileType = sourcecode.c.objc; path = DetailViewController2.m; sourceTree = "<group>"; };
		383F2F0319836923001A9E92 /* CompareViewController2.h */ = {isa = PBXFileReference; fileEncoding = 4; lastKnownFileType = sourcecode.c.h; path = CompareViewController2.h; sourceTree = "<group>"; };
		383F2F0419836923001A9E92 /* CompareViewController2.m */ = {isa = PBXFileReference; fileEncoding = 4; lastKnownFileType = sourcecode.c.objc; path = CompareViewController2.m; sourceTree = "<group>"; };
		384AFA7A1ACCD41800B88269 /* Tab bar favorites icon@2x (2).png */ = {isa = PBXFileReference; lastKnownFileType = image.png; path = "Tab bar favorites icon@2x (2).png"; sourceTree = "<group>"; };
		3852E3371ACCB94B00A028C5 /* Star Outline@2x.png */ = {isa = PBXFileReference; lastKnownFileType = image.png; path = "Star Outline@2x.png"; sourceTree = "<group>"; };
		3852E3391ACCBCE600A028C5 /* Solid Star@2x.png */ = {isa = PBXFileReference; lastKnownFileType = image.png; path = "Solid Star@2x.png"; sourceTree = "<group>"; };
		38595D9B197C4D4200AA0BF9 /* CarViewCell.h */ = {isa = PBXFileReference; fileEncoding = 4; lastKnownFileType = sourcecode.c.h; path = CarViewCell.h; sourceTree = "<group>"; };
		38595D9C197C4D4200AA0BF9 /* CarViewCell.m */ = {isa = PBXFileReference; fileEncoding = 4; lastKnownFileType = sourcecode.c.objc; path = CarViewCell.m; sourceTree = "<group>"; };
		385C1401197B3F76003BBB09 /* Make.h */ = {isa = PBXFileReference; fileEncoding = 4; lastKnownFileType = sourcecode.c.h; path = Make.h; sourceTree = "<group>"; };
		385C1402197B3F76003BBB09 /* Make.m */ = {isa = PBXFileReference; fileEncoding = 4; lastKnownFileType = sourcecode.c.objc; path = Make.m; sourceTree = "<group>"; };
		385C1404197B3FDA003BBB09 /* MainStoryboard.storyboard */ = {isa = PBXFileReference; fileEncoding = 4; lastKnownFileType = file.storyboard; path = MainStoryboard.storyboard; sourceTree = "<group>"; };
		385C141B197BBC32003BBB09 /* DetailViewController.h */ = {isa = PBXFileReference; fileEncoding = 4; lastKnownFileType = sourcecode.c.h; path = DetailViewController.h; sourceTree = "<group>"; };
		385C141C197BBC32003BBB09 /* DetailViewController.m */ = {isa = PBXFileReference; fileEncoding = 4; lastKnownFileType = sourcecode.c.objc; path = DetailViewController.m; sourceTree = "<group>"; usesTabs = 0; };
		38774D3119C5E5F300C22A70 /* NewsLabel.h */ = {isa = PBXFileReference; fileEncoding = 4; lastKnownFileType = sourcecode.c.h; path = NewsLabel.h; sourceTree = "<group>"; };
		38774D3219C5E5F300C22A70 /* NewsLabel.m */ = {isa = PBXFileReference; fileEncoding = 4; lastKnownFileType = sourcecode.c.objc; path = NewsLabel.m; sourceTree = "<group>"; };
		3888867E1AA17C2D00ECCEE1 /* SearchTabViewController.h */ = {isa = PBXFileReference; fileEncoding = 4; lastKnownFileType = sourcecode.c.h; name = SearchTabViewController.h; path = ../SearchTabViewController.h; sourceTree = "<group>"; };
		3888867F1AA17C2D00ECCEE1 /* SearchTabViewController.m */ = {isa = PBXFileReference; fileEncoding = 4; lastKnownFileType = sourcecode.c.objc; name = SearchTabViewController.m; path = ../SearchTabViewController.m; sourceTree = "<group>"; };
		388DDA981AC776470062C16E /* SpecsDisputePageNew@2x.jpg */ = {isa = PBXFileReference; lastKnownFileType = image.jpeg; path = "SpecsDisputePageNew@2x.jpg"; sourceTree = "<group>"; };
		388DDA9A1AC776650062C16E /* AdfreePage@2x.jpg */ = {isa = PBXFileReference; lastKnownFileType = image.jpeg; path = "AdfreePage@2x.jpg"; sourceTree = "<group>"; };
		388DDA9E1AC776890062C16E /* Ariel Logo@2x.png */ = {isa = PBXFileReference; lastKnownFileType = image.png; path = "Ariel Logo@2x.png"; sourceTree = "<group>"; };
		388DDAA21AC776A30062C16E /* box-outgoing-7@2x.png */ = {isa = PBXFileReference; lastKnownFileType = image.png; path = "box-outgoing-7@2x.png"; sourceTree = "<group>"; };
		388DDAA41AC776AF0062C16E /* dark blue button@2x.png */ = {isa = PBXFileReference; lastKnownFileType = image.png; path = "dark blue button@2x.png"; sourceTree = "<group>"; };
		388DDAA81AC776D00062C16E /* dollarsign@2x.png */ = {isa = PBXFileReference; lastKnownFileType = image.png; path = "dollarsign@2x.png"; sourceTree = "<group>"; };
		388DDAAA1AC776E20062C16E /* Drive Type Icon@2x.png */ = {isa = PBXFileReference; lastKnownFileType = image.png; path = "Drive Type Icon@2x.png"; sourceTree = "<group>"; };
		388DDAAC1AC776EB0062C16E /* Engine Icon@2x.png */ = {isa = PBXFileReference; lastKnownFileType = image.png; path = "Engine Icon@2x.png"; sourceTree = "<group>"; };
		388DDAB01AC777090062C16E /* fuel pump icon@2x.png */ = {isa = PBXFileReference; lastKnownFileType = image.png; path = "fuel pump icon@2x.png"; sourceTree = "<group>"; };
		388DDAB61AC7772D0062C16E /* Green Buy Button@2x.png */ = {isa = PBXFileReference; lastKnownFileType = image.png; path = "Green Buy Button@2x.png"; sourceTree = "<group>"; };
		388DDABC1AC777620062C16E /* iTunesArtwork.png */ = {isa = PBXFileReference; lastKnownFileType = image.png; path = iTunesArtwork.png; sourceTree = "<group>"; };
		388DDABE1AC777740062C16E /* Koenigsegg logo@2x.png */ = {isa = PBXFileReference; lastKnownFileType = image.png; path = "Koenigsegg logo@2x.png"; sourceTree = "<group>"; };
		388DDAC21AC7778E0062C16E /* Metal Background.jpg */ = {isa = PBXFileReference; lastKnownFileType = image.jpeg; path = "Metal Background.jpg"; sourceTree = "<group>"; };
		388DDAC81AC777F20062C16E /* NewSpecsDisputePage4@2x.jpg */ = {isa = PBXFileReference; lastKnownFileType = image.jpeg; path = "NewSpecsDisputePage4@2x.jpg"; sourceTree = "<group>"; };
		388DDACE1AC778250062C16E /* Podium@2x.png */ = {isa = PBXFileReference; lastKnownFileType = image.png; path = "Podium@2x.png"; sourceTree = "<group>"; };
		388DDAD01AC778320062C16E /* Radical Logo@2x.png */ = {isa = PBXFileReference; lastKnownFileType = image.png; path = "Radical Logo@2x.png"; sourceTree = "<group>"; };
		388DDAD21AC7783D0062C16E /* RcA6RKnAi@2x.png */ = {isa = PBXFileReference; lastKnownFileType = image.png; path = "RcA6RKnAi@2x.png"; sourceTree = "<group>"; };
		388DDAD41AC7785B0062C16E /* speedometer 2@2x.png */ = {isa = PBXFileReference; lastKnownFileType = image.png; path = "speedometer 2@2x.png"; sourceTree = "<group>"; };
		388DDAD61AC778660062C16E /* Sport-Activities-Stopwatch-icon@2x.png */ = {isa = PBXFileReference; lastKnownFileType = image.png; path = "Sport-Activities-Stopwatch-icon@2x.png"; sourceTree = "<group>"; };
		388DDAD81AC778710062C16E /* SSC Logo@2x.png */ = {isa = PBXFileReference; lastKnownFileType = image.png; path = "SSC Logo@2x.png"; sourceTree = "<group>"; };
		388DDADA1AC7787B0062C16E /* stopwatch icon@2x.png */ = {isa = PBXFileReference; lastKnownFileType = image.png; path = "stopwatch icon@2x.png"; sourceTree = "<group>"; };
		388DDAE01AC778A00062C16E /* Top tens tab bar icon@2x.png */ = {isa = PBXFileReference; lastKnownFileType = image.png; path = "Top tens tab bar icon@2x.png"; sourceTree = "<group>"; };
		388DDAE41AC778B60062C16E /* whiteback.jpg */ = {isa = PBXFileReference; lastKnownFileType = image.jpeg; path = whiteback.jpg; sourceTree = "<group>"; };
		388DDAE61AC778BB0062C16E /* weight Icon@2x.png */ = {isa = PBXFileReference; lastKnownFileType = image.png; path = "weight Icon@2x.png"; sourceTree = "<group>"; };
		38A09C1E197F62C700254457 /* CompareViewController.h */ = {isa = PBXFileReference; fileEncoding = 4; lastKnownFileType = sourcecode.c.h; path = CompareViewController.h; sourceTree = "<group>"; };
		38A09C1F197F62C700254457 /* CompareViewController.m */ = {isa = PBXFileReference; fileEncoding = 4; lastKnownFileType = sourcecode.c.objc; path = CompareViewController.m; sourceTree = "<group>"; };
		38A667D719858E69008B2A69 /* ImageViewController.h */ = {isa = PBXFileReference; fileEncoding = 4; lastKnownFileType = sourcecode.c.h; path = ImageViewController.h; sourceTree = "<group>"; };
		38A667D819858E69008B2A69 /* ImageViewController.m */ = {isa = PBXFileReference; fileEncoding = 4; lastKnownFileType = sourcecode.c.objc; path = ImageViewController.m; sourceTree = "<group>"; };
		38AEE95E19A81C1D00792503 /* SearchViewController.h */ = {isa = PBXFileReference; fileEncoding = 4; lastKnownFileType = sourcecode.c.h; path = SearchViewController.h; sourceTree = "<group>"; };
		38AEE95F19A81C1D00792503 /* SearchViewController.m */ = {isa = PBXFileReference; fileEncoding = 4; lastKnownFileType = sourcecode.c.objc; path = SearchViewController.m; sourceTree = "<group>"; };
		38AEE96119A8284200792503 /* NewsViewController.h */ = {isa = PBXFileReference; fileEncoding = 4; lastKnownFileType = sourcecode.c.h; path = NewsViewController.h; sourceTree = "<group>"; };
		38AEE96219A8284200792503 /* NewsViewController.m */ = {isa = PBXFileReference; fileEncoding = 4; lastKnownFileType = sourcecode.c.objc; path = NewsViewController.m; sourceTree = "<group>"; };
		38AEE96419A82B4B00792503 /* News.h */ = {isa = PBXFileReference; fileEncoding = 4; lastKnownFileType = sourcecode.c.h; path = News.h; sourceTree = "<group>"; };
		38AEE96519A82B4B00792503 /* News.m */ = {isa = PBXFileReference; fileEncoding = 4; lastKnownFileType = sourcecode.c.objc; path = News.m; sourceTree = "<group>"; };
		38AEE96719A84F0500792503 /* NewsDetailViewController.h */ = {isa = PBXFileReference; fileEncoding = 4; lastKnownFileType = sourcecode.c.h; path = NewsDetailViewController.h; sourceTree = "<group>"; };
		38AEE96819A84F0500792503 /* NewsDetailViewController.m */ = {isa = PBXFileReference; fileEncoding = 4; lastKnownFileType = sourcecode.c.objc; path = NewsDetailViewController.m; sourceTree = "<group>"; };
		38BABF5D19A96B210054B1EC /* FavoritesViewController.h */ = {isa = PBXFileReference; fileEncoding = 4; lastKnownFileType = sourcecode.c.h; path = FavoritesViewController.h; sourceTree = "<group>"; };
		38BABF5E19A96B210054B1EC /* FavoritesViewController.m */ = {isa = PBXFileReference; fileEncoding = 4; lastKnownFileType = sourcecode.c.objc; path = FavoritesViewController.m; sourceTree = "<group>"; };
		38BCC1DC1A79DFF5002E4059 /* MakeViewControllerwAds.h */ = {isa = PBXFileReference; fileEncoding = 4; lastKnownFileType = sourcecode.c.h; name = MakeViewControllerwAds.h; path = ../MakeViewControllerwAds.h; sourceTree = "<group>"; };
		38BCC1DD1A79DFF5002E4059 /* MakeViewControllerwAds.m */ = {isa = PBXFileReference; fileEncoding = 4; lastKnownFileType = sourcecode.c.objc; name = MakeViewControllerwAds.m; path = ../MakeViewControllerwAds.m; sourceTree = "<group>"; };
		38C0784619B4291C00DEC284 /* Model.h */ = {isa = PBXFileReference; fileEncoding = 4; lastKnownFileType = sourcecode.c.h; path = Model.h; sourceTree = "<group>"; };
		38C0784719B4291C00DEC284 /* Model.m */ = {isa = PBXFileReference; fileEncoding = 4; lastKnownFileType = sourcecode.c.objc; path = Model.m; sourceTree = "<group>"; };
		38CB1F681B1267D300919D15 /* GoogleMobileAds.framework */ = {isa = PBXFileReference; lastKnownFileType = wrapper.framework; path = GoogleMobileAds.framework; sourceTree = "<group>"; };
		38CB1F691B1267D300919D15 /* README.txt */ = {isa = PBXFileReference; fileEncoding = 4; lastKnownFileType = text; path = README.txt; sourceTree = "<group>"; };
		38CCEA831984356600A157EA /* DisputeInfoViewController.h */ = {isa = PBXFileReference; fileEncoding = 4; lastKnownFileType = sourcecode.c.h; path = DisputeInfoViewController.h; sourceTree = "<group>"; };
		38CCEA841984356600A157EA /* DisputeInfoViewController.m */ = {isa = PBXFileReference; fileEncoding = 4; lastKnownFileType = sourcecode.c.objc; path = DisputeInfoViewController.m; sourceTree = "<group>"; };
		38CCEA8619843FF000A157EA /* TopTensViewController2.h */ = {isa = PBXFileReference; fileEncoding = 4; lastKnownFileType = sourcecode.c.h; path = TopTensViewController2.h; sourceTree = "<group>"; };
		38CCEA8719843FF000A157EA /* TopTensViewController2.m */ = {isa = PBXFileReference; fileEncoding = 4; lastKnownFileType = sourcecode.c.objc; path = TopTensViewController2.m; sourceTree = "<group>"; };
		38CCEA8B19844AB900A157EA /* DisputeInfoViewController2.h */ = {isa = PBXFileReference; fileEncoding = 4; lastKnownFileType = sourcecode.c.h; path = DisputeInfoViewController2.h; sourceTree = "<group>"; };
		38CCEA8C19844AB900A157EA /* DisputeInfoViewController2.m */ = {isa = PBXFileReference; fileEncoding = 4; lastKnownFileType = sourcecode.c.objc; path = DisputeInfoViewController2.m; sourceTree = "<group>"; };
		38D2B8C819A58EBA004D0687 /* MakeViewController.h */ = {isa = PBXFileReference; fileEncoding = 4; lastKnownFileType = sourcecode.c.h; path = MakeViewController.h; sourceTree = "<group>"; };
		38D2B8C919A58EBA004D0687 /* MakeViewController.m */ = {isa = PBXFileReference; fileEncoding = 4; lastKnownFileType = sourcecode.c.objc; path = MakeViewController.m; sourceTree = "<group>"; };
		38D2B8CB19A58F56004D0687 /* MakeCell.h */ = {isa = PBXFileReference; fileEncoding = 4; lastKnownFileType = sourcecode.c.h; path = MakeCell.h; sourceTree = "<group>"; };
		38D2B8CC19A58F56004D0687 /* MakeCell.m */ = {isa = PBXFileReference; fileEncoding = 4; lastKnownFileType = sourcecode.c.objc; path = MakeCell.m; sourceTree = "<group>"; };
		38D2B8D119A58FB5004D0687 /* ModelViewController.h */ = {isa = PBXFileReference; fileEncoding = 4; lastKnownFileType = sourcecode.c.h; path = ModelViewController.h; sourceTree = "<group>"; };
		38D2B8D219A58FB5004D0687 /* ModelViewController.m */ = {isa = PBXFileReference; fileEncoding = 4; lastKnownFileType = sourcecode.c.objc; path = ModelViewController.m; sourceTree = "<group>"; };
		38D519551A8FF9AE001140EF /* NSMutableArray+STKAudioPlayer.h */ = {isa = PBXFileReference; fileEncoding = 4; lastKnownFileType = sourcecode.c.h; path = "NSMutableArray+STKAudioPlayer.h"; sourceTree = "<group>"; };
		38D519561A8FF9AE001140EF /* NSMutableArray+STKAudioPlayer.m */ = {isa = PBXFileReference; fileEncoding = 4; lastKnownFileType = sourcecode.c.objc; path = "NSMutableArray+STKAudioPlayer.m"; sourceTree = "<group>"; };
		38D519571A8FF9AE001140EF /* STKAudioPlayer.h */ = {isa = PBXFileReference; fileEncoding = 4; lastKnownFileType = sourcecode.c.h; path = STKAudioPlayer.h; sourceTree = "<group>"; };
		38D519581A8FF9AE001140EF /* STKAudioPlayer.m */ = {isa = PBXFileReference; fileEncoding = 4; lastKnownFileType = sourcecode.c.objc; path = STKAudioPlayer.m; sourceTree = "<group>"; };
		38D519591A8FF9AE001140EF /* STKAutoRecoveringHTTPDataSource.h */ = {isa = PBXFileReference; fileEncoding = 4; lastKnownFileType = sourcecode.c.h; path = STKAutoRecoveringHTTPDataSource.h; sourceTree = "<group>"; };
		38D5195A1A8FF9AE001140EF /* STKAutoRecoveringHTTPDataSource.m */ = {isa = PBXFileReference; fileEncoding = 4; lastKnownFileType = sourcecode.c.objc; path = STKAutoRecoveringHTTPDataSource.m; sourceTree = "<group>"; };
		38D5195B1A8FF9AE001140EF /* STKCoreFoundationDataSource.h */ = {isa = PBXFileReference; fileEncoding = 4; lastKnownFileType = sourcecode.c.h; path = STKCoreFoundationDataSource.h; sourceTree = "<group>"; };
		38D5195C1A8FF9AE001140EF /* STKCoreFoundationDataSource.m */ = {isa = PBXFileReference; fileEncoding = 4; lastKnownFileType = sourcecode.c.objc; path = STKCoreFoundationDataSource.m; sourceTree = "<group>"; };
		38D5195D1A8FF9AE001140EF /* STKDataSource.h */ = {isa = PBXFileReference; fileEncoding = 4; lastKnownFileType = sourcecode.c.h; path = STKDataSource.h; sourceTree = "<group>"; };
		38D5195E1A8FF9AE001140EF /* STKDataSource.m */ = {isa = PBXFileReference; fileEncoding = 4; lastKnownFileType = sourcecode.c.objc; path = STKDataSource.m; sourceTree = "<group>"; };
		38D5195F1A8FF9AE001140EF /* STKDataSourceWrapper.h */ = {isa = PBXFileReference; fileEncoding = 4; lastKnownFileType = sourcecode.c.h; path = STKDataSourceWrapper.h; sourceTree = "<group>"; };
		38D519601A8FF9AE001140EF /* STKDataSourceWrapper.m */ = {isa = PBXFileReference; fileEncoding = 4; lastKnownFileType = sourcecode.c.objc; path = STKDataSourceWrapper.m; sourceTree = "<group>"; };
		38D519611A8FF9AE001140EF /* STKHTTPDataSource.h */ = {isa = PBXFileReference; fileEncoding = 4; lastKnownFileType = sourcecode.c.h; path = STKHTTPDataSource.h; sourceTree = "<group>"; };
		38D519621A8FF9AE001140EF /* STKHTTPDataSource.m */ = {isa = PBXFileReference; fileEncoding = 4; lastKnownFileType = sourcecode.c.objc; path = STKHTTPDataSource.m; sourceTree = "<group>"; };
		38D519631A8FF9AE001140EF /* STKLocalFileDataSource.h */ = {isa = PBXFileReference; fileEncoding = 4; lastKnownFileType = sourcecode.c.h; path = STKLocalFileDataSource.h; sourceTree = "<group>"; };
		38D519641A8FF9AE001140EF /* STKLocalFileDataSource.m */ = {isa = PBXFileReference; fileEncoding = 4; lastKnownFileType = sourcecode.c.objc; path = STKLocalFileDataSource.m; sourceTree = "<group>"; };
		38D519651A8FF9AE001140EF /* STKQueueEntry.h */ = {isa = PBXFileReference; fileEncoding = 4; lastKnownFileType = sourcecode.c.h; path = STKQueueEntry.h; sourceTree = "<group>"; };
		38D519661A8FF9AE001140EF /* STKQueueEntry.m */ = {isa = PBXFileReference; fileEncoding = 4; lastKnownFileType = sourcecode.c.objc; path = STKQueueEntry.m; sourceTree = "<group>"; };
		38D519671A8FF9AE001140EF /* StreamingKit-Prefix.pch */ = {isa = PBXFileReference; fileEncoding = 4; lastKnownFileType = sourcecode.c.h; path = "StreamingKit-Prefix.pch"; sourceTree = "<group>"; };
		38D7BD4C1A7754CA00E22B40 /* adfreepageiphone4.jpg */ = {isa = PBXFileReference; lastKnownFileType = image.jpeg; path = adfreepageiphone4.jpg; sourceTree = "<group>"; };
		38E169201B1BBD1E00240372 /* searchbar2@2x.png */ = {isa = PBXFileReference; lastKnownFileType = image.png; path = "searchbar2@2x.png"; sourceTree = "<group>"; };
		38E41D051A9123E700EA6135 /* TopTens.h */ = {isa = PBXFileReference; fileEncoding = 4; lastKnownFileType = sourcecode.c.h; name = TopTens.h; path = ../TopTens.h; sourceTree = "<group>"; };
		38E41D061A9123E700EA6135 /* TopTens.m */ = {isa = PBXFileReference; fileEncoding = 4; lastKnownFileType = sourcecode.c.objc; name = TopTens.m; path = ../TopTens.m; sourceTree = "<group>"; };
		38E522AA1A9134EC003F1099 /* NewTopTensViewController.h */ = {isa = PBXFileReference; fileEncoding = 4; lastKnownFileType = sourcecode.c.h; path = NewTopTensViewController.h; sourceTree = "<group>"; };
		38E522AB1A9134EC003F1099 /* NewTopTensViewController.m */ = {isa = PBXFileReference; fileEncoding = 4; lastKnownFileType = sourcecode.c.objc; path = NewTopTensViewController.m; sourceTree = "<group>"; };
		38E522AD1A913803003F1099 /* TopTensCell.h */ = {isa = PBXFileReference; fileEncoding = 4; lastKnownFileType = sourcecode.c.h; path = TopTensCell.h; sourceTree = "<group>"; };
		38E522AE1A913803003F1099 /* TopTensCell.m */ = {isa = PBXFileReference; fileEncoding = 4; lastKnownFileType = sourcecode.c.objc; path = TopTensCell.m; sourceTree = "<group>"; };
		38F2EC071ACE11B60028D55F /* settingsbutton1@2x.png */ = {isa = PBXFileReference; lastKnownFileType = image.png; path = "settingsbutton1@2x.png"; sourceTree = "<group>"; };
		AA3E760519F0A32A00C1F870 /* AdSupport.framework */ = {isa = PBXFileReference; lastKnownFileType = wrapper.framework; name = AdSupport.framework; path = System/Library/Frameworks/AdSupport.framework; sourceTree = SDKROOT; };
		AA3E760719F0A33000C1F870 /* AudioToolbox.framework */ = {isa = PBXFileReference; lastKnownFileType = wrapper.framework; name = AudioToolbox.framework; path = System/Library/Frameworks/AudioToolbox.framework; sourceTree = SDKROOT; };
		AA3E760919F0A33900C1F870 /* AVFoundation.framework */ = {isa = PBXFileReference; lastKnownFileType = wrapper.framework; name = AVFoundation.framework; path = System/Library/Frameworks/AVFoundation.framework; sourceTree = SDKROOT; };
		AA3E760B19F0A34000C1F870 /* CoreGraphics.framework */ = {isa = PBXFileReference; lastKnownFileType = wrapper.framework; name = CoreGraphics.framework; path = System/Library/Frameworks/CoreGraphics.framework; sourceTree = SDKROOT; };
		AA3E760D19F0A34700C1F870 /* CoreTelephony.framework */ = {isa = PBXFileReference; lastKnownFileType = wrapper.framework; name = CoreTelephony.framework; path = System/Library/Frameworks/CoreTelephony.framework; sourceTree = SDKROOT; };
		AA3E760F19F0A34F00C1F870 /* EventKit.framework */ = {isa = PBXFileReference; lastKnownFileType = wrapper.framework; name = EventKit.framework; path = System/Library/Frameworks/EventKit.framework; sourceTree = SDKROOT; };
		AA3E761019F0A34F00C1F870 /* EventKitUI.framework */ = {isa = PBXFileReference; lastKnownFileType = wrapper.framework; name = EventKitUI.framework; path = System/Library/Frameworks/EventKitUI.framework; sourceTree = SDKROOT; };
		AA3E761319F0A35600C1F870 /* MessageUI.framework */ = {isa = PBXFileReference; lastKnownFileType = wrapper.framework; name = MessageUI.framework; path = System/Library/Frameworks/MessageUI.framework; sourceTree = SDKROOT; };
		AA3E761519F0A36900C1F870 /* StoreKit.framework */ = {isa = PBXFileReference; lastKnownFileType = wrapper.framework; name = StoreKit.framework; path = System/Library/Frameworks/StoreKit.framework; sourceTree = SDKROOT; };
		AA3E761719F0A37100C1F870 /* SystemConfiguration.framework */ = {isa = PBXFileReference; lastKnownFileType = wrapper.framework; name = SystemConfiguration.framework; path = System/Library/Frameworks/SystemConfiguration.framework; sourceTree = SDKROOT; };
		AA5546871979F2CD00E7CF12 /* Carhub.app */ = {isa = PBXFileReference; explicitFileType = wrapper.application; includeInIndex = 0; path = Carhub.app; sourceTree = BUILT_PRODUCTS_DIR; };
		AA5546921979F2CE00E7CF12 /* Carhub-Info.plist */ = {isa = PBXFileReference; lastKnownFileType = text.plist.xml; path = "Carhub-Info.plist"; sourceTree = "<group>"; };
		AA5546941979F2CE00E7CF12 /* en */ = {isa = PBXFileReference; lastKnownFileType = text.plist.strings; name = en; path = en.lproj/InfoPlist.strings; sourceTree = "<group>"; };
		AA5546961979F2CE00E7CF12 /* main.m */ = {isa = PBXFileReference; lastKnownFileType = sourcecode.c.objc; path = main.m; sourceTree = "<group>"; };
		AA5546981979F2CE00E7CF12 /* Carhub-Prefix.pch */ = {isa = PBXFileReference; lastKnownFileType = sourcecode.c.h; path = "Carhub-Prefix.pch"; sourceTree = "<group>"; };
		AA5546991979F2CE00E7CF12 /* AppDelegate.h */ = {isa = PBXFileReference; lastKnownFileType = sourcecode.c.h; path = AppDelegate.h; sourceTree = "<group>"; };
		AA55469A1979F2CE00E7CF12 /* AppDelegate.m */ = {isa = PBXFileReference; lastKnownFileType = sourcecode.c.objc; path = AppDelegate.m; sourceTree = "<group>"; };
		AA5546A21979F2CE00E7CF12 /* Images.xcassets */ = {isa = PBXFileReference; lastKnownFileType = folder.assetcatalog; path = Images.xcassets; sourceTree = "<group>"; };
		AA5546A81979F2CE00E7CF12 /* CarhubTests.xctest */ = {isa = PBXFileReference; explicitFileType = wrapper.cfbundle; includeInIndex = 0; path = CarhubTests.xctest; sourceTree = BUILT_PRODUCTS_DIR; };
		AA5546B11979F2CE00E7CF12 /* CarhubTests-Info.plist */ = {isa = PBXFileReference; lastKnownFileType = text.plist.xml; path = "CarhubTests-Info.plist"; sourceTree = "<group>"; };
		AA5546B31979F2CE00E7CF12 /* en */ = {isa = PBXFileReference; lastKnownFileType = text.plist.strings; name = en; path = en.lproj/InfoPlist.strings; sourceTree = "<group>"; };
		AA5546B51979F2CE00E7CF12 /* CarhubTests.m */ = {isa = PBXFileReference; lastKnownFileType = sourcecode.c.objc; path = CarhubTests.m; sourceTree = "<group>"; };
		AA6299F71A5741D1009ACD4F /* eurostile.TTF */ = {isa = PBXFileReference; lastKnownFileType = file; path = eurostile.TTF; sourceTree = "<group>"; };
		AA629A091A57504D009ACD4F /* NewSpecsDisputePage4.png */ = {isa = PBXFileReference; lastKnownFileType = image.png; path = NewSpecsDisputePage4.png; sourceTree = "<group>"; };
		AA88E5C01A56507E005B1E43 /* darkishgrey.jpg */ = {isa = PBXFileReference; lastKnownFileType = image.jpeg; path = darkishgrey.jpg; sourceTree = "<group>"; };
		AA88E5C21A56508A005B1E43 /* Tabbarcolor.png */ = {isa = PBXFileReference; lastKnownFileType = image.png; path = Tabbarcolor.png; sourceTree = "<group>"; };
		AA8D9E5A1980B3AE00AAB3E2 /* TopTensViewController.h */ = {isa = PBXFileReference; fileEncoding = 4; lastKnownFileType = sourcecode.c.h; path = TopTensViewController.h; sourceTree = "<group>"; };
		AA8D9E5B1980B3AE00AAB3E2 /* TopTensViewController.m */ = {isa = PBXFileReference; fileEncoding = 4; lastKnownFileType = sourcecode.c.objc; path = TopTensViewController.m; sourceTree = "<group>"; };
		AAB744E1198318BF00A8545A /* MainStoryboard4.storyboard */ = {isa = PBXFileReference; fileEncoding = 4; lastKnownFileType = file.storyboard; path = MainStoryboard4.storyboard; sourceTree = "<group>"; };
		AAED753C19EF6EA900FCE06F /* iRate.h */ = {isa = PBXFileReference; fileEncoding = 4; lastKnownFileType = sourcecode.c.h; path = iRate.h; sourceTree = "<group>"; };
		AAED753D19EF6EA900FCE06F /* iRate.m */ = {isa = PBXFileReference; fileEncoding = 4; lastKnownFileType = sourcecode.c.objc; path = iRate.m; sourceTree = "<group>"; };
		AAED754119EF6ED500FCE06F /* horse_PNG2553@2x.png */ = {isa = PBXFileReference; lastKnownFileType = image.png; path = "horse_PNG2553@2x.png"; sourceTree = "<group>"; };
		AAED754219EF6ED500FCE06F /* moneystack@2x.png */ = {isa = PBXFileReference; lastKnownFileType = image.png; path = "moneystack@2x.png"; sourceTree = "<group>"; };
		AAED754319EF6ED500FCE06F /* Nurburgring@2x.png */ = {isa = PBXFileReference; lastKnownFileType = image.png; path = "Nurburgring@2x.png"; sourceTree = "<group>"; };
		AAED754E19EF6EE400FCE06F /* garage-32@2x.png */ = {isa = PBXFileReference; lastKnownFileType = image.png; path = "garage-32@2x.png"; sourceTree = "<group>"; };
		AAED754F19EF6EE400FCE06F /* garage-50@2x.png */ = {isa = PBXFileReference; lastKnownFileType = image.png; path = "garage-50@2x.png"; sourceTree = "<group>"; };
		AAED755019EF6EE400FCE06F /* magnifier_64@2x.png */ = {isa = PBXFileReference; lastKnownFileType = image.png; path = "magnifier_64@2x.png"; sourceTree = "<group>"; };
		AAED755119EF6EE400FCE06F /* News icon@2x.png */ = {isa = PBXFileReference; lastKnownFileType = image.png; path = "News icon@2x.png"; sourceTree = "<group>"; };
		AAED755219EF6EE400FCE06F /* Tab bar favorites icon@2x.png */ = {isa = PBXFileReference; lastKnownFileType = image.png; path = "Tab bar favorites icon@2x.png"; sourceTree = "<group>"; };
		AAED755F19EF6EED00FCE06F /* ferrari logo@2x.png */ = {isa = PBXFileReference; lastKnownFileType = image.png; path = "ferrari logo@2x.png"; sourceTree = "<group>"; };
		AAED756119EF6EED00FCE06F /* Horsepower Icon@2x.png */ = {isa = PBXFileReference; lastKnownFileType = image.png; path = "Horsepower Icon@2x.png"; sourceTree = "<group>"; };
		AAED756319EF6EED00FCE06F /* peugeot logo@2x.png */ = {isa = PBXFileReference; lastKnownFileType = image.png; path = "peugeot logo@2x.png"; sourceTree = "<group>"; };
		AAED756819EF6EED00FCE06F /* Transmission Icon@2x.png */ = {isa = PBXFileReference; lastKnownFileType = image.png; path = "Transmission Icon@2x.png"; sourceTree = "<group>"; };
		AAED756A19EF6EED00FCE06F /* Years Made Icon@2x.png */ = {isa = PBXFileReference; lastKnownFileType = image.png; path = "Years Made Icon@2x.png"; sourceTree = "<group>"; };
		AAED757B19EF6F0100FCE06F /* blue button 2@2x.png */ = {isa = PBXFileReference; lastKnownFileType = image.png; path = "blue button 2@2x.png"; sourceTree = "<group>"; };
/* End PBXFileReference section */

/* Begin PBXFrameworksBuildPhase section */
		AA5546841979F2CD00E7CF12 /* Frameworks */ = {
			isa = PBXFrameworksBuildPhase;
			buildActionMask = 2147483647;
			files = (
				AA3E761819F0A37100C1F870 /* SystemConfiguration.framework in Frameworks */,
				AA3E761619F0A36900C1F870 /* StoreKit.framework in Frameworks */,
				AA3E761419F0A35600C1F870 /* MessageUI.framework in Frameworks */,
				38CB1F6A1B1267D300919D15 /* GoogleMobileAds.framework in Frameworks */,
				AA3E761119F0A34F00C1F870 /* EventKit.framework in Frameworks */,
				AA3E761219F0A34F00C1F870 /* EventKitUI.framework in Frameworks */,
				AA3E760E19F0A34700C1F870 /* CoreTelephony.framework in Frameworks */,
				AA3E760C19F0A34000C1F870 /* CoreGraphics.framework in Frameworks */,
				AA3E760A19F0A33900C1F870 /* AVFoundation.framework in Frameworks */,
				AA3E760819F0A33000C1F870 /* AudioToolbox.framework in Frameworks */,
				AA3E760619F0A32A00C1F870 /* AdSupport.framework in Frameworks */,
			);
			runOnlyForDeploymentPostprocessing = 0;
		};
		AA5546A51979F2CE00E7CF12 /* Frameworks */ = {
			isa = PBXFrameworksBuildPhase;
			buildActionMask = 2147483647;
			files = (
			);
			runOnlyForDeploymentPostprocessing = 0;
		};
/* End PBXFrameworksBuildPhase section */

/* Begin PBXGroup section */
		38CB1F671B1267D300919D15 /* GoogleMobileAdsSdkiOS-7.0.0 */ = {
			isa = PBXGroup;
			children = (
				38CB1F681B1267D300919D15 /* GoogleMobileAds.framework */,
				38CB1F691B1267D300919D15 /* README.txt */,
			);
			path = "GoogleMobileAdsSdkiOS-7.0.0";
			sourceTree = "<group>";
		};
		38D519541A8FF9AE001140EF /* StreamingKit1 */ = {
			isa = PBXGroup;
			children = (
				38D519551A8FF9AE001140EF /* NSMutableArray+STKAudioPlayer.h */,
				38D519561A8FF9AE001140EF /* NSMutableArray+STKAudioPlayer.m */,
				38D519571A8FF9AE001140EF /* STKAudioPlayer.h */,
				38D519581A8FF9AE001140EF /* STKAudioPlayer.m */,
				38D519591A8FF9AE001140EF /* STKAutoRecoveringHTTPDataSource.h */,
				38D5195A1A8FF9AE001140EF /* STKAutoRecoveringHTTPDataSource.m */,
				38D5195B1A8FF9AE001140EF /* STKCoreFoundationDataSource.h */,
				38D5195C1A8FF9AE001140EF /* STKCoreFoundationDataSource.m */,
				38D5195D1A8FF9AE001140EF /* STKDataSource.h */,
				38D5195E1A8FF9AE001140EF /* STKDataSource.m */,
				38D5195F1A8FF9AE001140EF /* STKDataSourceWrapper.h */,
				38D519601A8FF9AE001140EF /* STKDataSourceWrapper.m */,
				38D519611A8FF9AE001140EF /* STKHTTPDataSource.h */,
				38D519621A8FF9AE001140EF /* STKHTTPDataSource.m */,
				38D519631A8FF9AE001140EF /* STKLocalFileDataSource.h */,
				38D519641A8FF9AE001140EF /* STKLocalFileDataSource.m */,
				38D519651A8FF9AE001140EF /* STKQueueEntry.h */,
				38D519661A8FF9AE001140EF /* STKQueueEntry.m */,
				38D519671A8FF9AE001140EF /* StreamingKit-Prefix.pch */,
			);
			path = StreamingKit1;
			sourceTree = "<group>";
		};
		AA55467E1979F2CD00E7CF12 = {
			isa = PBXGroup;
			children = (
				38CB1F671B1267D300919D15 /* GoogleMobileAdsSdkiOS-7.0.0 */,
				AA5546901979F2CE00E7CF12 /* Carhub */,
				AA5546AF1979F2CE00E7CF12 /* CarhubTests */,
				AA5546881979F2CD00E7CF12 /* Products */,
				AA3E761719F0A37100C1F870 /* SystemConfiguration.framework */,
				AA3E761519F0A36900C1F870 /* StoreKit.framework */,
				AA3E761319F0A35600C1F870 /* MessageUI.framework */,
				AA3E760F19F0A34F00C1F870 /* EventKit.framework */,
				AA3E761019F0A34F00C1F870 /* EventKitUI.framework */,
				AA3E760D19F0A34700C1F870 /* CoreTelephony.framework */,
				AA3E760B19F0A34000C1F870 /* CoreGraphics.framework */,
				AA3E760919F0A33900C1F870 /* AVFoundation.framework */,
				AA3E760719F0A33000C1F870 /* AudioToolbox.framework */,
				AA3E760519F0A32A00C1F870 /* AdSupport.framework */,
			);
			sourceTree = "<group>";
		};
		AA5546881979F2CD00E7CF12 /* Products */ = {
			isa = PBXGroup;
			children = (
				AA5546871979F2CD00E7CF12 /* Carhub.app */,
				AA5546A81979F2CE00E7CF12 /* CarhubTests.xctest */,
			);
			name = Products;
			sourceTree = "<group>";
		};
		AA5546901979F2CE00E7CF12 /* Carhub */ = {
			isa = PBXGroup;
			children = (
				38D519541A8FF9AE001140EF /* StreamingKit1 */,
				AA5546991979F2CE00E7CF12 /* AppDelegate.h */,
				AA55469A1979F2CE00E7CF12 /* AppDelegate.m */,
				AA5546A21979F2CE00E7CF12 /* Images.xcassets */,
				AA5546911979F2CE00E7CF12 /* Supporting Files */,
				385C1404197B3FDA003BBB09 /* MainStoryboard.storyboard */,
				AAB744E1198318BF00A8545A /* MainStoryboard4.storyboard */,
				3888867E1AA17C2D00ECCEE1 /* SearchTabViewController.h */,
				3888867F1AA17C2D00ECCEE1 /* SearchTabViewController.m */,
				38BABF5D19A96B210054B1EC /* FavoritesViewController.h */,
				38BABF5E19A96B210054B1EC /* FavoritesViewController.m */,
				38D2B8C819A58EBA004D0687 /* MakeViewController.h */,
				38D2B8C919A58EBA004D0687 /* MakeViewController.m */,
				38D2B8D119A58FB5004D0687 /* ModelViewController.h */,
				38D2B8D219A58FB5004D0687 /* ModelViewController.m */,
				38E41D051A9123E700EA6135 /* TopTens.h */,
				38E41D061A9123E700EA6135 /* TopTens.m */,
				38E522AA1A9134EC003F1099 /* NewTopTensViewController.h */,
				38E522AB1A9134EC003F1099 /* NewTopTensViewController.m */,
				AA8D9E5A1980B3AE00AAB3E2 /* TopTensViewController.h */,
				AA8D9E5B1980B3AE00AAB3E2 /* TopTensViewController.m */,
				38CCEA8619843FF000A157EA /* TopTensViewController2.h */,
				38CCEA8719843FF000A157EA /* TopTensViewController2.m */,
				38AEE96119A8284200792503 /* NewsViewController.h */,
				38AEE96219A8284200792503 /* NewsViewController.m */,
				38E522AD1A913803003F1099 /* TopTensCell.h */,
				38E522AE1A913803003F1099 /* TopTensCell.m */,
				38595D9B197C4D4200AA0BF9 /* CarViewCell.h */,
				38595D9C197C4D4200AA0BF9 /* CarViewCell.m */,
				38AEE96419A82B4B00792503 /* News.h */,
				38AEE96519A82B4B00792503 /* News.m */,
				AAED753C19EF6EA900FCE06F /* iRate.h */,
				AAED753D19EF6EA900FCE06F /* iRate.m */,
				381DDFE719C7AE1F0055DB4E /* InAppDemoViewController.h */,
				381DDFE819C7AE1F0055DB4E /* InAppDemoViewController.m */,
				381DDFED19C7AF460055DB4E /* PurchaseViewController.h */,
				381DDFEE19C7AF460055DB4E /* PurchaseViewController.m */,
				381DDFEF19C7AF460055DB4E /* PurchaseViewController.xib */,
				38BCC1DC1A79DFF5002E4059 /* MakeViewControllerwAds.h */,
				38BCC1DD1A79DFF5002E4059 /* MakeViewControllerwAds.m */,
				385C1401197B3F76003BBB09 /* Make.h */,
				385C1402197B3F76003BBB09 /* Make.m */,
				38C0784619B4291C00DEC284 /* Model.h */,
				38C0784719B4291C00DEC284 /* Model.m */,
				385C141B197BBC32003BBB09 /* DetailViewController.h */,
				385C141C197BBC32003BBB09 /* DetailViewController.m */,
				383F2F001983618C001A9E92 /* DetailViewController2.h */,
				383F2F011983618C001A9E92 /* DetailViewController2.m */,
				38A09C1E197F62C700254457 /* CompareViewController.h */,
				38A09C1F197F62C700254457 /* CompareViewController.m */,
				383F2F0319836923001A9E92 /* CompareViewController2.h */,
				383F2F0419836923001A9E92 /* CompareViewController2.m */,
				38A667D719858E69008B2A69 /* ImageViewController.h */,
				38A667D819858E69008B2A69 /* ImageViewController.m */,
				38CCEA831984356600A157EA /* DisputeInfoViewController.h */,
				38CCEA841984356600A157EA /* DisputeInfoViewController.m */,
				38CCEA8B19844AB900A157EA /* DisputeInfoViewController2.h */,
				38CCEA8C19844AB900A157EA /* DisputeInfoViewController2.m */,
				38D2B8CB19A58F56004D0687 /* MakeCell.h */,
				38D2B8CC19A58F56004D0687 /* MakeCell.m */,
				38AEE95E19A81C1D00792503 /* SearchViewController.h */,
				38AEE95F19A81C1D00792503 /* SearchViewController.m */,
				382B4ABA19BE82CB00DD268D /* SearchModelController.h */,
				382B4ABB19BE82CB00DD268D /* SearchModelController.m */,
				38AEE96719A84F0500792503 /* NewsDetailViewController.h */,
				38AEE96819A84F0500792503 /* NewsDetailViewController.m */,
				38774D3119C5E5F300C22A70 /* NewsLabel.h */,
				38774D3219C5E5F300C22A70 /* NewsLabel.m */,
			);
			path = Carhub;
			sourceTree = "<group>";
		};
		AA5546911979F2CE00E7CF12 /* Supporting Files */ = {
			isa = PBXGroup;
			children = (
				38E169201B1BBD1E00240372 /* searchbar2@2x.png */,
				3818EE4F1B13D20500DF2F97 /* PlayButton@2x.png */,
				3818EE4B1B13D14F00DF2F97 /* PauseButton@2x.png */,
				38F2EC071ACE11B60028D55F /* settingsbutton1@2x.png */,
				384AFA7A1ACCD41800B88269 /* Tab bar favorites icon@2x (2).png */,
				3852E3391ACCBCE600A028C5 /* Solid Star@2x.png */,
				3852E3371ACCB94B00A028C5 /* Star Outline@2x.png */,
				AA629A091A57504D009ACD4F /* NewSpecsDisputePage4.png */,
				388DDAC81AC777F20062C16E /* NewSpecsDisputePage4@2x.jpg */,
				388DDA981AC776470062C16E /* SpecsDisputePageNew@2x.jpg */,
				AA6299F71A5741D1009ACD4F /* eurostile.TTF */,
				388DDA9A1AC776650062C16E /* AdfreePage@2x.jpg */,
				38D7BD4C1A7754CA00E22B40 /* adfreepageiphone4.jpg */,
				AA88E5C21A56508A005B1E43 /* Tabbarcolor.png */,
				388DDAE41AC778B60062C16E /* whiteback.jpg */,
				AA88E5C01A56507E005B1E43 /* darkishgrey.jpg */,
				AAED754119EF6ED500FCE06F /* horse_PNG2553@2x.png */,
				AAED754219EF6ED500FCE06F /* moneystack@2x.png */,
				AAED754319EF6ED500FCE06F /* Nurburgring@2x.png */,
				388DDACE1AC778250062C16E /* Podium@2x.png */,
				388DDAD21AC7783D0062C16E /* RcA6RKnAi@2x.png */,
				388DDAD61AC778660062C16E /* Sport-Activities-Stopwatch-icon@2x.png */,
				AAED754E19EF6EE400FCE06F /* garage-32@2x.png */,
				AAED754F19EF6EE400FCE06F /* garage-50@2x.png */,
				AAED755019EF6EE400FCE06F /* magnifier_64@2x.png */,
				AAED755119EF6EE400FCE06F /* News icon@2x.png */,
				AAED755219EF6EE400FCE06F /* Tab bar favorites icon@2x.png */,
				388DDAE01AC778A00062C16E /* Top tens tab bar icon@2x.png */,
				388DDA9E1AC776890062C16E /* Ariel Logo@2x.png */,
				AAED755F19EF6EED00FCE06F /* ferrari logo@2x.png */,
				AAED756119EF6EED00FCE06F /* Horsepower Icon@2x.png */,
				388DDABE1AC777740062C16E /* Koenigsegg logo@2x.png */,
				AAED756319EF6EED00FCE06F /* peugeot logo@2x.png */,
				388DDAB61AC7772D0062C16E /* Green Buy Button@2x.png */,
				388DDAD01AC778320062C16E /* Radical Logo@2x.png */,
				388DDAA81AC776D00062C16E /* dollarsign@2x.png */,
				388DDAC21AC7778E0062C16E /* Metal Background.jpg */,
				388DDAAC1AC776EB0062C16E /* Engine Icon@2x.png */,
				388DDAAA1AC776E20062C16E /* Drive Type Icon@2x.png */,
				388DDAA41AC776AF0062C16E /* dark blue button@2x.png */,
				388DDAA21AC776A30062C16E /* box-outgoing-7@2x.png */,
				388DDAB01AC777090062C16E /* fuel pump icon@2x.png */,
				388DDAD41AC7785B0062C16E /* speedometer 2@2x.png */,
				388DDAD81AC778710062C16E /* SSC Logo@2x.png */,
				388DDADA1AC7787B0062C16E /* stopwatch icon@2x.png */,
				AAED756819EF6EED00FCE06F /* Transmission Icon@2x.png */,
				388DDAE61AC778BB0062C16E /* weight Icon@2x.png */,
				AAED756A19EF6EED00FCE06F /* Years Made Icon@2x.png */,
				AAED757B19EF6F0100FCE06F /* blue button 2@2x.png */,
				388DDABC1AC777620062C16E /* iTunesArtwork.png */,
				AA5546921979F2CE00E7CF12 /* Carhub-Info.plist */,
				AA5546931979F2CE00E7CF12 /* InfoPlist.strings */,
				AA5546961979F2CE00E7CF12 /* main.m */,
				AA5546981979F2CE00E7CF12 /* Carhub-Prefix.pch */,
			);
			name = "Supporting Files";
			sourceTree = "<group>";
		};
		AA5546AF1979F2CE00E7CF12 /* CarhubTests */ = {
			isa = PBXGroup;
			children = (
				AA5546B51979F2CE00E7CF12 /* CarhubTests.m */,
				AA5546B01979F2CE00E7CF12 /* Supporting Files */,
			);
			path = CarhubTests;
			sourceTree = "<group>";
		};
		AA5546B01979F2CE00E7CF12 /* Supporting Files */ = {
			isa = PBXGroup;
			children = (
				AA5546B11979F2CE00E7CF12 /* CarhubTests-Info.plist */,
				AA5546B21979F2CE00E7CF12 /* InfoPlist.strings */,
			);
			name = "Supporting Files";
			sourceTree = "<group>";
		};
/* End PBXGroup section */

/* Begin PBXNativeTarget section */
		AA5546861979F2CD00E7CF12 /* Carhub */ = {
			isa = PBXNativeTarget;
			buildConfigurationList = AA5546B91979F2CE00E7CF12 /* Build configuration list for PBXNativeTarget "Carhub" */;
			buildPhases = (
				AA5546831979F2CD00E7CF12 /* Sources */,
				AA5546851979F2CD00E7CF12 /* Resources */,
				AA5546841979F2CD00E7CF12 /* Frameworks */,
			);
			buildRules = (
			);
			dependencies = (
			);
			name = Carhub;
			productName = Carhub;
			productReference = AA5546871979F2CD00E7CF12 /* Carhub.app */;
			productType = "com.apple.product-type.application";
		};
		AA5546A71979F2CE00E7CF12 /* CarhubTests */ = {
			isa = PBXNativeTarget;
			buildConfigurationList = AA5546BC1979F2CE00E7CF12 /* Build configuration list for PBXNativeTarget "CarhubTests" */;
			buildPhases = (
				AA5546A41979F2CE00E7CF12 /* Sources */,
				AA5546A51979F2CE00E7CF12 /* Frameworks */,
				AA5546A61979F2CE00E7CF12 /* Resources */,
			);
			buildRules = (
			);
			dependencies = (
				AA5546AE1979F2CE00E7CF12 /* PBXTargetDependency */,
			);
			name = CarhubTests;
			productName = CarhubTests;
			productReference = AA5546A81979F2CE00E7CF12 /* CarhubTests.xctest */;
			productType = "com.apple.product-type.bundle.unit-test";
		};
/* End PBXNativeTarget section */

/* Begin PBXProject section */
		AA55467F1979F2CD00E7CF12 /* Project object */ = {
			isa = PBXProject;
			attributes = {
				LastUpgradeCheck = 0510;
				ORGANIZATIONNAME = "Ham Applications";
				TargetAttributes = {
					AA5546861979F2CD00E7CF12 = {
						DevelopmentTeam = 2QW264D9MD;
						SystemCapabilities = {
							com.apple.InAppPurchase = {
								enabled = 1;
							};
						};
					};
					AA5546A71979F2CE00E7CF12 = {
						DevelopmentTeam = 2QW264D9MD;
						TestTargetID = AA5546861979F2CD00E7CF12;
					};
				};
			};
			buildConfigurationList = AA5546821979F2CD00E7CF12 /* Build configuration list for PBXProject "Carhub" */;
			compatibilityVersion = "Xcode 3.2";
			developmentRegion = English;
			hasScannedForEncodings = 0;
			knownRegions = (
				en,
				Base,
			);
			mainGroup = AA55467E1979F2CD00E7CF12;
			productRefGroup = AA5546881979F2CD00E7CF12 /* Products */;
			projectDirPath = "";
			projectRoot = "";
			targets = (
				AA5546861979F2CD00E7CF12 /* Carhub */,
				AA5546A71979F2CE00E7CF12 /* CarhubTests */,
			);
		};
/* End PBXProject section */

/* Begin PBXResourcesBuildPhase section */
		AA5546851979F2CD00E7CF12 /* Resources */ = {
			isa = PBXResourcesBuildPhase;
			buildActionMask = 2147483647;
			files = (
				38CB1F6B1B1267D300919D15 /* README.txt in Resources */,
				AA6299F81A5741D1009ACD4F /* eurostile.TTF in Resources */,
				AAB744E2198318BF00A8545A /* MainStoryboard4.storyboard in Resources */,
				38F2EC081ACE11B60028D55F /* settingsbutton1@2x.png in Resources */,
				3852E3381ACCB94B00A028C5 /* Star Outline@2x.png in Resources */,
				388DDABD1AC777620062C16E /* iTunesArtwork.png in Resources */,
				388DDACF1AC778250062C16E /* Podium@2x.png in Resources */,
				388DDABF1AC777740062C16E /* Koenigsegg logo@2x.png in Resources */,
				AAED755719EF6EE400FCE06F /* magnifier_64@2x.png in Resources */,
				38D7BD4D1A7754CA00E22B40 /* adfreepageiphone4.jpg in Resources */,
				AAED755519EF6EE400FCE06F /* garage-32@2x.png in Resources */,
				388DDAA51AC776AF0062C16E /* dark blue button@2x.png in Resources */,
				388DDAC91AC777F20062C16E /* NewSpecsDisputePage4@2x.jpg in Resources */,
				388DDAAB1AC776E20062C16E /* Drive Type Icon@2x.png in Resources */,
				AA88E5C31A56508A005B1E43 /* Tabbarcolor.png in Resources */,
				3818EE501B13D20500DF2F97 /* PlayButton@2x.png in Resources */,
				385C1405197B3FDA003BBB09 /* MainStoryboard.storyboard in Resources */,
				388DDA9B1AC776650062C16E /* AdfreePage@2x.jpg in Resources */,
				388DDAE51AC778B60062C16E /* whiteback.jpg in Resources */,
				AAED757119EF6EED00FCE06F /* Horsepower Icon@2x.png in Resources */,
				AA5546A31979F2CE00E7CF12 /* Images.xcassets in Resources */,
				388DDA991AC776470062C16E /* SpecsDisputePageNew@2x.jpg in Resources */,
				AAED755619EF6EE400FCE06F /* garage-50@2x.png in Resources */,
				381DDFF119C7AF460055DB4E /* PurchaseViewController.xib in Resources */,
				388DDAA31AC776A30062C16E /* box-outgoing-7@2x.png in Resources */,
				AA629A0A1A57504D009ACD4F /* NewSpecsDisputePage4.png in Resources */,
				388DDAB71AC7772D0062C16E /* Green Buy Button@2x.png in Resources */,
				38E169211B1BBD1E00240372 /* searchbar2@2x.png in Resources */,
				388DDAD91AC778710062C16E /* SSC Logo@2x.png in Resources */,
				AAED755919EF6EE400FCE06F /* Tab bar favorites icon@2x.png in Resources */,
				388DDAD11AC778320062C16E /* Radical Logo@2x.png in Resources */,
				388DDA9F1AC776890062C16E /* Ariel Logo@2x.png in Resources */,
				388DDAD71AC778660062C16E /* Sport-Activities-Stopwatch-icon@2x.png in Resources */,
				388DDAD31AC7783D0062C16E /* RcA6RKnAi@2x.png in Resources */,
				AAED757A19EF6EED00FCE06F /* Years Made Icon@2x.png in Resources */,
				AAED757319EF6EED00FCE06F /* peugeot logo@2x.png in Resources */,
				AAED754819EF6ED500FCE06F /* moneystack@2x.png in Resources */,
				388DDAD51AC7785B0062C16E /* speedometer 2@2x.png in Resources */,
				388DDAE71AC778BB0062C16E /* weight Icon@2x.png in Resources */,
				AAED754719EF6ED500FCE06F /* horse_PNG2553@2x.png in Resources */,
				AA5546951979F2CE00E7CF12 /* InfoPlist.strings in Resources */,
				388DDAE11AC778A00062C16E /* Top tens tab bar icon@2x.png in Resources */,
				AAED756F19EF6EED00FCE06F /* ferrari logo@2x.png in Resources */,
				AAED757819EF6EED00FCE06F /* Transmission Icon@2x.png in Resources */,
				AAED754919EF6ED500FCE06F /* Nurburgring@2x.png in Resources */,
				384AFA7B1ACCD41800B88269 /* Tab bar favorites icon@2x (2).png in Resources */,
				388DDAAD1AC776EB0062C16E /* Engine Icon@2x.png in Resources */,
				388DDAB11AC777090062C16E /* fuel pump icon@2x.png in Resources */,
				388DDAC31AC7778E0062C16E /* Metal Background.jpg in Resources */,
				388DDADB1AC7787B0062C16E /* stopwatch icon@2x.png in Resources */,
				3852E33A1ACCBCE600A028C5 /* Solid Star@2x.png in Resources */,
				AA88E5C11A56507E005B1E43 /* darkishgrey.jpg in Resources */,
				AAED758219EF6F0100FCE06F /* blue button 2@2x.png in Resources */,
				3818EE4C1B13D14F00DF2F97 /* PauseButton@2x.png in Resources */,
				AAED755819EF6EE400FCE06F /* News icon@2x.png in Resources */,
				388DDAA91AC776D00062C16E /* dollarsign@2x.png in Resources */,
			);
			runOnlyForDeploymentPostprocessing = 0;
		};
		AA5546A61979F2CE00E7CF12 /* Resources */ = {
			isa = PBXResourcesBuildPhase;
			buildActionMask = 2147483647;
			files = (
				AA629A0B1A57504D009ACD4F /* NewSpecsDisputePage4.png in Resources */,
				AAB744D61983167800A8545A /* MainStoryboard.storyboard in Resources */,
				AA6299F91A5741D1009ACD4F /* eurostile.TTF in Resources */,
				AA5546B41979F2CE00E7CF12 /* InfoPlist.strings in Resources */,
				AAB744E3198318BF00A8545A /* MainStoryboard4.storyboard in Resources */,
			);
			runOnlyForDeploymentPostprocessing = 0;
		};
/* End PBXResourcesBuildPhase section */

/* Begin PBXSourcesBuildPhase section */
		AA5546831979F2CD00E7CF12 /* Sources */ = {
			isa = PBXSourcesBuildPhase;
			buildActionMask = 2147483647;
			files = (
				38AEE96619A82B4B00792503 /* News.m in Sources */,
				38A667D919858E69008B2A69 /* ImageViewController.m in Sources */,
				38E522AF1A913803003F1099 /* TopTensCell.m in Sources */,
				38595D9D197C4D4200AA0BF9 /* CarViewCell.m in Sources */,
				38D5196F1A8FF9AE001140EF /* STKLocalFileDataSource.m in Sources */,
				38BCC1DE1A79DFF5002E4059 /* MakeViewControllerwAds.m in Sources */,
				38774D3319C5E5F300C22A70 /* NewsLabel.m in Sources */,
				385C141D197BBC32003BBB09 /* DetailViewController.m in Sources */,
				38D5196B1A8FF9AE001140EF /* STKCoreFoundationDataSource.m in Sources */,
				AAED753E19EF6EA900FCE06F /* iRate.m in Sources */,
				38AEE96319A8284200792503 /* NewsViewController.m in Sources */,
				38CCEA8D19844AB900A157EA /* DisputeInfoViewController2.m in Sources */,
				38D5196A1A8FF9AE001140EF /* STKAutoRecoveringHTTPDataSource.m in Sources */,
				AA55469B1979F2CE00E7CF12 /* AppDelegate.m in Sources */,
				388886801AA17C2D00ECCEE1 /* SearchTabViewController.m in Sources */,
				38D5196C1A8FF9AE001140EF /* STKDataSource.m in Sources */,
				AA8D9E5C1980B3AE00AAB3E2 /* TopTensViewController.m in Sources */,
				38C0784819B4291C00DEC284 /* Model.m in Sources */,
				382B4ABC19BE82CB00DD268D /* SearchModelController.m in Sources */,
				38D2B8CD19A58F56004D0687 /* MakeCell.m in Sources */,
				381DDFF019C7AF460055DB4E /* PurchaseViewController.m in Sources */,
				383F2F021983618C001A9E92 /* DetailViewController2.m in Sources */,
				38AEE96919A84F0500792503 /* NewsDetailViewController.m in Sources */,
				38D519681A8FF9AE001140EF /* NSMutableArray+STKAudioPlayer.m in Sources */,
				38CCEA8819843FF000A157EA /* TopTensViewController2.m in Sources */,
				38CCEA851984356600A157EA /* DisputeInfoViewController.m in Sources */,
				38D5196D1A8FF9AE001140EF /* STKDataSourceWrapper.m in Sources */,
				38D2B8CA19A58EBA004D0687 /* MakeViewController.m in Sources */,
				38E41D071A9123E700EA6135 /* TopTens.m in Sources */,
				38D519691A8FF9AE001140EF /* STKAudioPlayer.m in Sources */,
				38D519701A8FF9AE001140EF /* STKQueueEntry.m in Sources */,
				385C1403197B3F76003BBB09 /* Make.m in Sources */,
				38A09C20197F62C700254457 /* CompareViewController.m in Sources */,
				AA5546971979F2CE00E7CF12 /* main.m in Sources */,
				38BABF5F19A96B210054B1EC /* FavoritesViewController.m in Sources */,
				38D5196E1A8FF9AE001140EF /* STKHTTPDataSource.m in Sources */,
				381DDFE919C7AE1F0055DB4E /* InAppDemoViewController.m in Sources */,
				38D2B8D319A58FB5004D0687 /* ModelViewController.m in Sources */,
				38E522AC1A9134EC003F1099 /* NewTopTensViewController.m in Sources */,
				383F2F0519836923001A9E92 /* CompareViewController2.m in Sources */,
				38AEE96019A81C1D00792503 /* SearchViewController.m in Sources */,
			);
			runOnlyForDeploymentPostprocessing = 0;
		};
		AA5546A41979F2CE00E7CF12 /* Sources */ = {
			isa = PBXSourcesBuildPhase;
			buildActionMask = 2147483647;
			files = (
				AA5546B61979F2CE00E7CF12 /* CarhubTests.m in Sources */,
			);
			runOnlyForDeploymentPostprocessing = 0;
		};
/* End PBXSourcesBuildPhase section */

/* Begin PBXTargetDependency section */
		AA5546AE1979F2CE00E7CF12 /* PBXTargetDependency */ = {
			isa = PBXTargetDependency;
			target = AA5546861979F2CD00E7CF12 /* Carhub */;
			targetProxy = AA5546AD1979F2CE00E7CF12 /* PBXContainerItemProxy */;
		};
/* End PBXTargetDependency section */

/* Begin PBXVariantGroup section */
		AA5546931979F2CE00E7CF12 /* InfoPlist.strings */ = {
			isa = PBXVariantGroup;
			children = (
				AA5546941979F2CE00E7CF12 /* en */,
			);
			name = InfoPlist.strings;
			sourceTree = "<group>";
		};
		AA5546B21979F2CE00E7CF12 /* InfoPlist.strings */ = {
			isa = PBXVariantGroup;
			children = (
				AA5546B31979F2CE00E7CF12 /* en */,
			);
			name = InfoPlist.strings;
			sourceTree = "<group>";
		};
/* End PBXVariantGroup section */

/* Begin XCBuildConfiguration section */
		AA5546B71979F2CE00E7CF12 /* Debug */ = {
			isa = XCBuildConfiguration;
			buildSettings = {
				ALWAYS_SEARCH_USER_PATHS = NO;
				CLANG_CXX_LANGUAGE_STANDARD = "gnu++0x";
				CLANG_CXX_LIBRARY = "libc++";
				CLANG_ENABLE_MODULES = YES;
				CLANG_ENABLE_OBJC_ARC = YES;
				CLANG_WARN_BOOL_CONVERSION = YES;
				CLANG_WARN_CONSTANT_CONVERSION = YES;
				CLANG_WARN_DIRECT_OBJC_ISA_USAGE = YES_ERROR;
				CLANG_WARN_EMPTY_BODY = YES;
				CLANG_WARN_ENUM_CONVERSION = YES;
				CLANG_WARN_INT_CONVERSION = YES;
				CLANG_WARN_OBJC_ROOT_CLASS = YES_ERROR;
				CLANG_WARN__DUPLICATE_METHOD_MATCH = YES;
				CODE_SIGN_IDENTITY = "iPhone Distribution: Ham Applications, limited (2QW264D9MD)";
				"CODE_SIGN_IDENTITY[sdk=iphoneos*]" = "iPhone Distribution: Ham Applications, limited (2QW264D9MD)";
				COPY_PHASE_STRIP = NO;
				GCC_C_LANGUAGE_STANDARD = gnu99;
				GCC_DYNAMIC_NO_PIC = NO;
				GCC_OPTIMIZATION_LEVEL = 0;
				GCC_PREPROCESSOR_DEFINITIONS = (
					"DEBUG=1",
					"$(inherited)",
				);
				GCC_SYMBOLS_PRIVATE_EXTERN = NO;
				GCC_WARN_64_TO_32_BIT_CONVERSION = YES;
				GCC_WARN_ABOUT_RETURN_TYPE = YES_ERROR;
				GCC_WARN_UNDECLARED_SELECTOR = YES;
				GCC_WARN_UNINITIALIZED_AUTOS = YES_AGGRESSIVE;
				GCC_WARN_UNUSED_FUNCTION = YES;
				GCC_WARN_UNUSED_VARIABLE = YES;
				IPHONEOS_DEPLOYMENT_TARGET = 6.1;
				ONLY_ACTIVE_ARCH = YES;
				SDKROOT = iphoneos;
			};
			name = Debug;
		};
		AA5546B81979F2CE00E7CF12 /* Release */ = {
			isa = XCBuildConfiguration;
			buildSettings = {
				ALWAYS_SEARCH_USER_PATHS = NO;
				CLANG_CXX_LANGUAGE_STANDARD = "gnu++0x";
				CLANG_CXX_LIBRARY = "libc++";
				CLANG_ENABLE_MODULES = YES;
				CLANG_ENABLE_OBJC_ARC = YES;
				CLANG_WARN_BOOL_CONVERSION = YES;
				CLANG_WARN_CONSTANT_CONVERSION = YES;
				CLANG_WARN_DIRECT_OBJC_ISA_USAGE = YES_ERROR;
				CLANG_WARN_EMPTY_BODY = YES;
				CLANG_WARN_ENUM_CONVERSION = YES;
				CLANG_WARN_INT_CONVERSION = YES;
				CLANG_WARN_OBJC_ROOT_CLASS = YES_ERROR;
				CLANG_WARN__DUPLICATE_METHOD_MATCH = YES;
				CODE_SIGN_IDENTITY = "iPhone Distribution: Ham Applications, limited (2QW264D9MD)";
				"CODE_SIGN_IDENTITY[sdk=iphoneos*]" = "iPhone Distribution: Ham Applications, limited (2QW264D9MD)";
				COPY_PHASE_STRIP = YES;
				ENABLE_NS_ASSERTIONS = NO;
				GCC_C_LANGUAGE_STANDARD = gnu99;
				GCC_WARN_64_TO_32_BIT_CONVERSION = YES;
				GCC_WARN_ABOUT_RETURN_TYPE = YES_ERROR;
				GCC_WARN_UNDECLARED_SELECTOR = YES;
				GCC_WARN_UNINITIALIZED_AUTOS = YES_AGGRESSIVE;
				GCC_WARN_UNUSED_FUNCTION = YES;
				GCC_WARN_UNUSED_VARIABLE = YES;
				IPHONEOS_DEPLOYMENT_TARGET = 6.1;
				SDKROOT = iphoneos;
				VALIDATE_PRODUCT = YES;
			};
			name = Release;
		};
		AA5546BA1979F2CE00E7CF12 /* Debug */ = {
			isa = XCBuildConfiguration;
			buildSettings = {
				ASSETCATALOG_COMPILER_APPICON_NAME = AppIcon;
				ASSETCATALOG_COMPILER_LAUNCHIMAGE_NAME = LaunchImage;
				CLANG_ENABLE_OBJC_ARC = YES;
				CODE_SIGN_IDENTITY = "iPhone Developer";
				"CODE_SIGN_IDENTITY[sdk=iphoneos*]" = "iPhone Developer";
				FRAMEWORK_SEARCH_PATHS = (
					"$(inherited)",
					"$(PROJECT_DIR)/GoogleMobileAdsSdkiOS-7.0.0",
				);
				GCC_PRECOMPILE_PREFIX_HEADER = YES;
				GCC_PREFIX_HEADER = "Carhub/Carhub-Prefix.pch";
				INFOPLIST_FILE = "Carhub/Carhub-Info.plist";
				IPHONEOS_DEPLOYMENT_TARGET = 6.1;
				LIBRARY_SEARCH_PATHS = "";
				OTHER_LDFLAGS = "-ObjC";
				PRODUCT_NAME = "$(TARGET_NAME)";
				PROVISIONING_PROFILE = "";
				TARGETED_DEVICE_FAMILY = 1;
				WRAPPER_EXTENSION = app;
			};
			name = Debug;
		};
		AA5546BB1979F2CE00E7CF12 /* Release */ = {
			isa = XCBuildConfiguration;
			buildSettings = {
				ASSETCATALOG_COMPILER_APPICON_NAME = AppIcon;
				ASSETCATALOG_COMPILER_LAUNCHIMAGE_NAME = LaunchImage;
				CLANG_ENABLE_OBJC_ARC = YES;
				CODE_SIGN_IDENTITY = "iPhone Developer";
				"CODE_SIGN_IDENTITY[sdk=iphoneos*]" = "iPhone Developer";
				FRAMEWORK_SEARCH_PATHS = (
					"$(inherited)",
					"$(PROJECT_DIR)/GoogleMobileAdsSdkiOS-7.0.0",
				);
				GCC_PRECOMPILE_PREFIX_HEADER = YES;
				GCC_PREFIX_HEADER = "Carhub/Carhub-Prefix.pch";
				INFOPLIST_FILE = "Carhub/Carhub-Info.plist";
				IPHONEOS_DEPLOYMENT_TARGET = 6.1;
				LIBRARY_SEARCH_PATHS = "";
				OTHER_LDFLAGS = "-ObjC";
				PRODUCT_NAME = "$(TARGET_NAME)";
				PROVISIONING_PROFILE = "";
				TARGETED_DEVICE_FAMILY = 1;
				WRAPPER_EXTENSION = app;
			};
			name = Release;
		};
		AA5546BD1979F2CE00E7CF12 /* Debug */ = {
			isa = XCBuildConfiguration;
			buildSettings = {
				BUNDLE_LOADER = "$(BUILT_PRODUCTS_DIR)/Carhub.app/Carhub";
				CODE_SIGN_IDENTITY = "iPhone Developer";
				"CODE_SIGN_IDENTITY[sdk=iphoneos*]" = "iPhone Developer";
				FRAMEWORK_SEARCH_PATHS = (
					"$(SDKROOT)/Developer/Library/Frameworks",
					"$(inherited)",
					"$(DEVELOPER_FRAMEWORKS_DIR)",
				);
				GCC_PRECOMPILE_PREFIX_HEADER = YES;
				GCC_PREFIX_HEADER = "Carhub/Carhub-Prefix.pch";
				GCC_PREPROCESSOR_DEFINITIONS = (
					"DEBUG=1",
					"$(inherited)",
				);
				INFOPLIST_FILE = "CarhubTests/CarhubTests-Info.plist";
				PRODUCT_NAME = "$(TARGET_NAME)";
				PROVISIONING_PROFILE = "";
				TEST_HOST = "$(BUNDLE_LOADER)";
				WRAPPER_EXTENSION = xctest;
			};
			name = Debug;
		};
		AA5546BE1979F2CE00E7CF12 /* Release */ = {
			isa = XCBuildConfiguration;
			buildSettings = {
				BUNDLE_LOADER = "$(BUILT_PRODUCTS_DIR)/Carhub.app/Carhub";
				CODE_SIGN_IDENTITY = "iPhone Developer";
				"CODE_SIGN_IDENTITY[sdk=iphoneos*]" = "iPhone Developer";
				FRAMEWORK_SEARCH_PATHS = (
					"$(SDKROOT)/Developer/Library/Frameworks",
					"$(inherited)",
					"$(DEVELOPER_FRAMEWORKS_DIR)",
				);
				GCC_PRECOMPILE_PREFIX_HEADER = YES;
				GCC_PREFIX_HEADER = "Carhub/Carhub-Prefix.pch";
				INFOPLIST_FILE = "CarhubTests/CarhubTests-Info.plist";
				PRODUCT_NAME = "$(TARGET_NAME)";
				PROVISIONING_PROFILE = "";
				TEST_HOST = "$(BUNDLE_LOADER)";
				WRAPPER_EXTENSION = xctest;
			};
			name = Release;
		};
		AAB305021985B2EF002C5526 /* Distribution */ = {
			isa = XCBuildConfiguration;
			buildSettings = {
				ALWAYS_SEARCH_USER_PATHS = NO;
				CLANG_CXX_LANGUAGE_STANDARD = "gnu++0x";
				CLANG_CXX_LIBRARY = "libc++";
				CLANG_ENABLE_MODULES = YES;
				CLANG_ENABLE_OBJC_ARC = YES;
				CLANG_WARN_BOOL_CONVERSION = YES;
				CLANG_WARN_CONSTANT_CONVERSION = YES;
				CLANG_WARN_DIRECT_OBJC_ISA_USAGE = YES_ERROR;
				CLANG_WARN_EMPTY_BODY = YES;
				CLANG_WARN_ENUM_CONVERSION = YES;
				CLANG_WARN_INT_CONVERSION = YES;
				CLANG_WARN_OBJC_ROOT_CLASS = YES_ERROR;
				CLANG_WARN__DUPLICATE_METHOD_MATCH = YES;
				CODE_SIGN_IDENTITY = "iPhone Distribution: Ham Applications, limited (2QW264D9MD)";
				"CODE_SIGN_IDENTITY[sdk=iphoneos*]" = "iPhone Distribution: Ham Applications, limited (2QW264D9MD)";
				COPY_PHASE_STRIP = YES;
				ENABLE_NS_ASSERTIONS = NO;
				GCC_C_LANGUAGE_STANDARD = gnu99;
				GCC_WARN_64_TO_32_BIT_CONVERSION = YES;
				GCC_WARN_ABOUT_RETURN_TYPE = YES_ERROR;
				GCC_WARN_UNDECLARED_SELECTOR = YES;
				GCC_WARN_UNINITIALIZED_AUTOS = YES_AGGRESSIVE;
				GCC_WARN_UNUSED_FUNCTION = YES;
				GCC_WARN_UNUSED_VARIABLE = YES;
				IPHONEOS_DEPLOYMENT_TARGET = 6.1;
				SDKROOT = iphoneos;
				VALIDATE_PRODUCT = YES;
			};
			name = Distribution;
		};
		AAB305031985B2EF002C5526 /* Distribution */ = {
			isa = XCBuildConfiguration;
			buildSettings = {
				ASSETCATALOG_COMPILER_APPICON_NAME = AppIcon;
				ASSETCATALOG_COMPILER_LAUNCHIMAGE_NAME = LaunchImage;
				CLANG_ENABLE_OBJC_ARC = YES;
				CODE_SIGN_IDENTITY = "iPhone Developer";
				"CODE_SIGN_IDENTITY[sdk=iphoneos*]" = "iPhone Developer";
				FRAMEWORK_SEARCH_PATHS = (
					"$(inherited)",
					"$(PROJECT_DIR)/GoogleMobileAdsSdkiOS-7.0.0",
				);
				GCC_PRECOMPILE_PREFIX_HEADER = YES;
				GCC_PREFIX_HEADER = "Carhub/Carhub-Prefix.pch";
				INFOPLIST_FILE = "Carhub/Carhub-Info.plist";
				IPHONEOS_DEPLOYMENT_TARGET = 6.1;
				LIBRARY_SEARCH_PATHS = "";
				OTHER_LDFLAGS = "-ObjC";
				PRODUCT_NAME = "$(TARGET_NAME)";
				PROVISIONING_PROFILE = "";
				TARGETED_DEVICE_FAMILY = 1;
				WRAPPER_EXTENSION = app;
			};
			name = Distribution;
		};
		AAB305041985B2EF002C5526 /* Distribution */ = {
			isa = XCBuildConfiguration;
			buildSettings = {
				BUNDLE_LOADER = "$(BUILT_PRODUCTS_DIR)/Carhub.app/Carhub";
				CODE_SIGN_IDENTITY = "iPhone Developer";
				"CODE_SIGN_IDENTITY[sdk=iphoneos*]" = "iPhone Developer";
				FRAMEWORK_SEARCH_PATHS = (
					"$(SDKROOT)/Developer/Library/Frameworks",
					"$(inherited)",
					"$(DEVELOPER_FRAMEWORKS_DIR)",
				);
				GCC_PRECOMPILE_PREFIX_HEADER = YES;
				GCC_PREFIX_HEADER = "Carhub/Carhub-Prefix.pch";
				INFOPLIST_FILE = "CarhubTests/CarhubTests-Info.plist";
				PRODUCT_NAME = "$(TARGET_NAME)";
				PROVISIONING_PROFILE = "";
				TEST_HOST = "$(BUNDLE_LOADER)";
				WRAPPER_EXTENSION = xctest;
			};
			name = Distribution;
		};
/* End XCBuildConfiguration section */

/* Begin XCConfigurationList section */
		AA5546821979F2CD00E7CF12 /* Build configuration list for PBXProject "Carhub" */ = {
			isa = XCConfigurationList;
			buildConfigurations = (
				AA5546B71979F2CE00E7CF12 /* Debug */,
				AA5546B81979F2CE00E7CF12 /* Release */,
				AAB305021985B2EF002C5526 /* Distribution */,
			);
			defaultConfigurationIsVisible = 0;
			defaultConfigurationName = Release;
		};
		AA5546B91979F2CE00E7CF12 /* Build configuration list for PBXNativeTarget "Carhub" */ = {
			isa = XCConfigurationList;
			buildConfigurations = (
				AA5546BA1979F2CE00E7CF12 /* Debug */,
				AA5546BB1979F2CE00E7CF12 /* Release */,
				AAB305031985B2EF002C5526 /* Distribution */,
			);
			defaultConfigurationIsVisible = 0;
			defaultConfigurationName = Release;
		};
		AA5546BC1979F2CE00E7CF12 /* Build configuration list for PBXNativeTarget "CarhubTests" */ = {
			isa = XCConfigurationList;
			buildConfigurations = (
				AA5546BD1979F2CE00E7CF12 /* Debug */,
				AA5546BE1979F2CE00E7CF12 /* Release */,
				AAB305041985B2EF002C5526 /* Distribution */,
			);
			defaultConfigurationIsVisible = 0;
			defaultConfigurationName = Release;
		};
/* End XCConfigurationList section */
	};
	rootObject = AA55467F1979F2CD00E7CF12 /* Project object */;
}
